{
    "version": 3,
    "terraform_version": "0.12.31",
    "serial": 1,
    "lineage": "29c318f3-cb5c-e86e-bee9-551694c3c5ce",
    "modules": [
        {
            "path": [
                "root"
            ],
            "outputs": {
                "aws_iam_role_policy_attachment_tfer--AWSReservedSSO_AdministratorAccess_c46a6fdefb24c150_AdministratorAccess_id": {
                    "sensitive": false,
                    "type": "string",
                    "value": "AWSReservedSSO_AdministratorAccess_c46a6fdefb24c150/arn:aws:iam::aws:policy/AdministratorAccess"
                },
                "aws_iam_role_policy_attachment_tfer--AWSServiceRoleForCloudFormationStackSetsOrgAdmin_CloudFormationStackSetsOrgAdminServiceRolePolicy_id": {
                    "sensitive": false,
                    "type": "string",
                    "value": "AWSServiceRoleForCloudFormationStackSetsOrgAdmin/arn:aws:iam::aws:policy/aws-service-role/CloudFormationStackSetsOrgAdminServiceRolePolicy"
                },
                "aws_iam_role_policy_attachment_tfer--AWSServiceRoleForOrganizations_AWSOrganizationsServiceTrustPolicy_id": {
                    "sensitive": false,
                    "type": "string",
                    "value": "AWSServiceRoleForOrganizations/arn:aws:iam::aws:policy/aws-service-role/AWSOrganizationsServiceTrustPolicy"
                },
                "aws_iam_role_policy_attachment_tfer--AWSServiceRoleForSSO_AWSSSOServiceRolePolicy_id": {
                    "sensitive": false,
                    "type": "string",
                    "value": "AWSServiceRoleForSSO/arn:aws:iam::aws:policy/aws-service-role/AWSSSOServiceRolePolicy"
                },
                "aws_iam_role_policy_attachment_tfer--AWSServiceRoleForSupport_AWSSupportServiceRolePolicy_id": {
                    "sensitive": false,
                    "type": "string",
                    "value": "AWSServiceRoleForSupport/arn:aws:iam::aws:policy/aws-service-role/AWSSupportServiceRolePolicy"
                },
                "aws_iam_role_policy_attachment_tfer--AWSServiceRoleForTrustedAdvisor_AWSTrustedAdvisorServiceRolePolicy_id": {
                    "sensitive": false,
                    "type": "string",
                    "value": "AWSServiceRoleForTrustedAdvisor/arn:aws:iam::aws:policy/aws-service-role/AWSTrustedAdvisorServiceRolePolicy"
                },
                "aws_iam_role_policy_attachment_tfer--IambicSpokeRole_ReadOnlyAccess_id": {
                    "sensitive": false,
                    "type": "string",
                    "value": "IambicSpokeRole/arn:aws:iam::aws:policy/ReadOnlyAccess"
                },
                "aws_iam_role_policy_tfer--IambicHubRole_assume_spoke_role_id": {
                    "sensitive": false,
                    "type": "string",
                    "value": "IambicHubRole:assume_spoke_role"
                },
                "aws_iam_role_policy_tfer--IambicHubRole_list_spoke_account_info_id": {
                    "sensitive": false,
                    "type": "string",
                    "value": "IambicHubRole:list_spoke_account_info"
                },
                "aws_iam_role_policy_tfer--IambicSpokeRole_base_permissions_id": {
                    "sensitive": false,
                    "type": "string",
                    "value": "IambicSpokeRole:base_permissions"
                },
                "aws_iam_role_policy_tfer--iambic_github_app_lambda_execution_github-app_id": {
                    "sensitive": false,
                    "type": "string",
                    "value": "iambic_github_app_lambda_execution:github-app"
                },
                "aws_iam_role_tfer--AWSReservedSSO_AdministratorAccess_c46a6fdefb24c150_id": {
                    "sensitive": false,
                    "type": "string",
                    "value": "AWSReservedSSO_AdministratorAccess_c46a6fdefb24c150"
                },
                "aws_iam_role_tfer--AWSServiceRoleForCloudFormationStackSetsOrgAdmin_id": {
                    "sensitive": false,
                    "type": "string",
                    "value": "AWSServiceRoleForCloudFormationStackSetsOrgAdmin"
                },
                "aws_iam_role_tfer--AWSServiceRoleForOrganizations_id": {
                    "sensitive": false,
                    "type": "string",
                    "value": "AWSServiceRoleForOrganizations"
                },
                "aws_iam_role_tfer--AWSServiceRoleForSSO_id": {
                    "sensitive": false,
                    "type": "string",
                    "value": "AWSServiceRoleForSSO"
                },
                "aws_iam_role_tfer--AWSServiceRoleForSupport_id": {
                    "sensitive": false,
                    "type": "string",
                    "value": "AWSServiceRoleForSupport"
                },
                "aws_iam_role_tfer--AWSServiceRoleForTrustedAdvisor_id": {
                    "sensitive": false,
                    "type": "string",
                    "value": "AWSServiceRoleForTrustedAdvisor"
                },
                "aws_iam_role_tfer--IambicHubRole_id": {
                    "sensitive": false,
                    "type": "string",
                    "value": "IambicHubRole"
                },
                "aws_iam_role_tfer--IambicSpokeRole_id": {
                    "sensitive": false,
                    "type": "string",
                    "value": "IambicSpokeRole"
                },
                "aws_iam_role_tfer--iambic_github_app_lambda_execution_id": {
                    "sensitive": false,
                    "type": "string",
                    "value": "iambic_github_app_lambda_execution"
                }
            },
            "resources": {
                "aws_iam_role.tfer--AWSReservedSSO_AdministratorAccess_c46a6fdefb24c150": {
                    "type": "aws_iam_role",
                    "depends_on": [],
                    "primary": {
                        "id": "AWSReservedSSO_AdministratorAccess_c46a6fdefb24c150",
                        "attributes": {
                            "arn": "arn:aws:iam::659751573789:role/aws-reserved/sso.amazonaws.com/us-west-2/AWSReservedSSO_AdministratorAccess_c46a6fdefb24c150",
                            "assume_role_policy": "{\"Statement\":[{\"Action\":[\"sts:AssumeRoleWithSAML\",\"sts:TagSession\"],\"Condition\":{\"StringEquals\":{\"SAML:aud\":\"https://signin.aws.amazon.com/saml\"}},\"Effect\":\"Allow\",\"Principal\":{\"Federated\":\"arn:aws:iam::659751573789:saml-provider/AWSSSO_e8e34dddf617d5d9_DO_NOT_DELETE\"}}],\"Version\":\"2012-10-17\"}",
                            "create_date": "2023-04-03T22:43:34Z",
                            "description": "",
                            "id": "AWSReservedSSO_AdministratorAccess_c46a6fdefb24c150",
                            "managed_policy_arns.#": "1",
                            "managed_policy_arns.0": "arn:aws:iam::aws:policy/AdministratorAccess",
                            "max_session_duration": "43200",
                            "name": "AWSReservedSSO_AdministratorAccess_c46a6fdefb24c150",
                            "name_prefix": "",
                            "path": "/aws-reserved/sso.amazonaws.com/us-west-2/",
                            "tags.%": "0",
                            "tags_all.%": "0",
                            "unique_id": "AROAZTHCCDEOWC3ZPBFTZ"
                        },
                        "meta": {
                            "schema_version": 0
                        },
                        "tainted": false
                    },
                    "deposed": [],
                    "provider": "provider.aws"
                },
                "aws_iam_role.tfer--AWSServiceRoleForCloudFormationStackSetsOrgAdmin": {
                    "type": "aws_iam_role",
                    "depends_on": [],
                    "primary": {
                        "id": "AWSServiceRoleForCloudFormationStackSetsOrgAdmin",
                        "attributes": {
                            "arn": "arn:aws:iam::659751573789:role/aws-service-role/stacksets.cloudformation.amazonaws.com/AWSServiceRoleForCloudFormationStackSetsOrgAdmin",
                            "assume_role_policy": "{\"Statement\":[{\"Action\":\"sts:AssumeRole\",\"Effect\":\"Allow\",\"Principal\":{\"Service\":\"stacksets.cloudformation.amazonaws.com\"}}],\"Version\":\"2012-10-17\"}",
                            "create_date": "2023-04-03T22:36:52Z",
                            "description": "Service linked role for CloudFormation StackSets (Organization Admin)",
                            "id": "AWSServiceRoleForCloudFormationStackSetsOrgAdmin",
                            "managed_policy_arns.#": "1",
                            "managed_policy_arns.0": "arn:aws:iam::aws:policy/aws-service-role/CloudFormationStackSetsOrgAdminServiceRolePolicy",
                            "max_session_duration": "3600",
                            "name": "AWSServiceRoleForCloudFormationStackSetsOrgAdmin",
                            "name_prefix": "",
                            "path": "/aws-service-role/stacksets.cloudformation.amazonaws.com/",
                            "tags.%": "0",
                            "tags_all.%": "0",
                            "unique_id": "AROAZTHCCDEO7ANCV2IMH"
                        },
                        "meta": {
                            "schema_version": 0
                        },
                        "tainted": false
                    },
                    "deposed": [],
                    "provider": "provider.aws"
                },
                "aws_iam_role.tfer--AWSServiceRoleForOrganizations": {
                    "type": "aws_iam_role",
                    "depends_on": [],
                    "primary": {
                        "id": "AWSServiceRoleForOrganizations",
                        "attributes": {
                            "arn": "arn:aws:iam::659751573789:role/aws-service-role/organizations.amazonaws.com/AWSServiceRoleForOrganizations",
                            "assume_role_policy": "{\"Statement\":[{\"Action\":\"sts:AssumeRole\",\"Effect\":\"Allow\",\"Principal\":{\"Service\":\"organizations.amazonaws.com\"}}],\"Version\":\"2012-10-17\"}",
                            "create_date": "2023-04-03T22:25:01Z",
                            "description": "Service-linked role used by AWS Organizations to enable integration of other AWS services with Organizations.",
                            "id": "AWSServiceRoleForOrganizations",
                            "managed_policy_arns.#": "1",
                            "managed_policy_arns.0": "arn:aws:iam::aws:policy/aws-service-role/AWSOrganizationsServiceTrustPolicy",
                            "max_session_duration": "3600",
                            "name": "AWSServiceRoleForOrganizations",
                            "name_prefix": "",
                            "path": "/aws-service-role/organizations.amazonaws.com/",
                            "tags.%": "0",
                            "tags_all.%": "0",
                            "unique_id": "AROAZTHCCDEOTP5EJMZ52"
                        },
                        "meta": {
                            "schema_version": 0
                        },
                        "tainted": false
                    },
                    "deposed": [],
                    "provider": "provider.aws"
                },
                "aws_iam_role.tfer--AWSServiceRoleForSSO": {
                    "type": "aws_iam_role",
                    "depends_on": [],
                    "primary": {
                        "id": "AWSServiceRoleForSSO",
                        "attributes": {
                            "arn": "arn:aws:iam::659751573789:role/aws-service-role/sso.amazonaws.com/AWSServiceRoleForSSO",
                            "assume_role_policy": "{\"Statement\":[{\"Action\":\"sts:AssumeRole\",\"Effect\":\"Allow\",\"Principal\":{\"Service\":\"sso.amazonaws.com\"}}],\"Version\":\"2012-10-17\"}",
                            "create_date": "2023-04-03T22:38:25Z",
                            "description": "Service-linked role used by AWS SSO to manage AWS resources, including IAM roles, policies and SAML IdP on your behalf.",
                            "id": "AWSServiceRoleForSSO",
                            "managed_policy_arns.#": "1",
                            "managed_policy_arns.0": "arn:aws:iam::aws:policy/aws-service-role/AWSSSOServiceRolePolicy",
                            "max_session_duration": "3600",
                            "name": "AWSServiceRoleForSSO",
                            "name_prefix": "",
                            "path": "/aws-service-role/sso.amazonaws.com/",
                            "tags.%": "0",
                            "tags_all.%": "0",
                            "unique_id": "AROAZTHCCDEOR7FUJSNV2"
                        },
                        "meta": {
                            "schema_version": 0
                        },
                        "tainted": false
                    },
                    "deposed": [],
                    "provider": "provider.aws"
                },
                "aws_iam_role.tfer--AWSServiceRoleForSupport": {
                    "type": "aws_iam_role",
                    "depends_on": [],
                    "primary": {
                        "id": "AWSServiceRoleForSupport",
                        "attributes": {
                            "arn": "arn:aws:iam::659751573789:role/aws-service-role/support.amazonaws.com/AWSServiceRoleForSupport",
                            "assume_role_policy": "{\"Statement\":[{\"Action\":\"sts:AssumeRole\",\"Effect\":\"Allow\",\"Principal\":{\"Service\":\"support.amazonaws.com\"}}],\"Version\":\"2012-10-17\"}",
                            "create_date": "2023-04-03T22:17:58Z",
                            "description": "Enables resource access for AWS to provide billing, administrative and support services",
                            "id": "AWSServiceRoleForSupport",
                            "managed_policy_arns.#": "1",
                            "managed_policy_arns.0": "arn:aws:iam::aws:policy/aws-service-role/AWSSupportServiceRolePolicy",
                            "max_session_duration": "3600",
                            "name": "AWSServiceRoleForSupport",
                            "name_prefix": "",
                            "path": "/aws-service-role/support.amazonaws.com/",
                            "tags.%": "0",
                            "tags_all.%": "0",
                            "unique_id": "AROAZTHCCDEOVHKZUTY7D"
                        },
                        "meta": {
                            "schema_version": 0
                        },
                        "tainted": false
                    },
                    "deposed": [],
                    "provider": "provider.aws"
                },
                "aws_iam_role.tfer--AWSServiceRoleForTrustedAdvisor": {
                    "type": "aws_iam_role",
                    "depends_on": [],
                    "primary": {
                        "id": "AWSServiceRoleForTrustedAdvisor",
                        "attributes": {
                            "arn": "arn:aws:iam::659751573789:role/aws-service-role/trustedadvisor.amazonaws.com/AWSServiceRoleForTrustedAdvisor",
                            "assume_role_policy": "{\"Statement\":[{\"Action\":\"sts:AssumeRole\",\"Effect\":\"Allow\",\"Principal\":{\"Service\":\"trustedadvisor.amazonaws.com\"}}],\"Version\":\"2012-10-17\"}",
                            "create_date": "2023-04-03T22:17:58Z",
                            "description": "Access for the AWS Trusted Advisor Service to help reduce cost, increase performance, and improve security of your AWS environment.",
                            "id": "AWSServiceRoleForTrustedAdvisor",
                            "managed_policy_arns.#": "1",
                            "managed_policy_arns.0": "arn:aws:iam::aws:policy/aws-service-role/AWSTrustedAdvisorServiceRolePolicy",
                            "max_session_duration": "3600",
                            "name": "AWSServiceRoleForTrustedAdvisor",
                            "name_prefix": "",
                            "path": "/aws-service-role/trustedadvisor.amazonaws.com/",
                            "tags.%": "0",
                            "tags_all.%": "0",
                            "unique_id": "AROAZTHCCDEOQPDVZU6YS"
                        },
                        "meta": {
                            "schema_version": 0
                        },
                        "tainted": false
                    },
                    "deposed": [],
                    "provider": "provider.aws"
                },
                "aws_iam_role.tfer--IambicHubRole": {
                    "type": "aws_iam_role",
                    "depends_on": [],
                    "primary": {
                        "id": "IambicHubRole",
                        "attributes": {
                            "arn": "arn:aws:iam::659751573789:role/IambicHubRole",
                            "assume_role_policy": "{\"Statement\":[{\"Action\":[\"sts:AssumeRole\",\"sts:TagSession\"],\"Effect\":\"Allow\",\"Principal\":{\"AWS\":\"arn:aws:sts::659751573789:assumed-role/AWSReservedSSO_AdministratorAccess_c46a6fdefb24c150/smoy\"}},{\"Action\":[\"sts:AssumeRole\",\"sts:TagSession\"],\"Effect\":\"Allow\",\"Principal\":{\"AWS\":\"arn:aws:iam::659751573789:role/iambic_github_app_lambda_execution\"}}],\"Version\":\"2012-10-17\"}",
                            "create_date": "2023-04-03T22:53:09Z",
                            "description": "This role is used by IAMbic to assume into the spoke role of every account defined in the IAMbic config. Managed via CloudFormation.",
                            "id": "IambicHubRole",
                            "inline_policy.#": "2",
                            "inline_policy.0.name": "assume_spoke_role",
                            "inline_policy.0.policy": "{\"Version\":\"2012-10-17\",\"Statement\":[{\"Action\":[\"sts:assumerole\"],\"Effect\":\"Allow\",\"Resource\":[\"arn:aws:iam::*:role/IambicSpokeRole\"]}]}",
                            "inline_policy.1.name": "list_spoke_account_info",
                            "inline_policy.1.policy": "{\"Version\":\"2012-10-17\",\"Statement\":[{\"Action\":[\"organizations:ListAccounts\",\"organizations:ListTagsForResource\"],\"Effect\":\"Allow\",\"Resource\":\"*\"}]}",
                            "managed_policy_arns.#": "0",
                            "max_session_duration": "3600",
                            "name": "IambicHubRole",
                            "name_prefix": "",
                            "path": "/",
                            "tags.%": "0",
                            "tags_all.%": "0",
                            "unique_id": "AROAZTHCCDEOUUFICCJ6R"
                        },
                        "meta": {
                            "schema_version": 0
                        },
                        "tainted": false
                    },
                    "deposed": [],
                    "provider": "provider.aws"
                },
                "aws_iam_role.tfer--IambicSpokeRole": {
                    "type": "aws_iam_role",
                    "depends_on": [],
                    "primary": {
                        "id": "IambicSpokeRole",
                        "attributes": {
                            "arn": "arn:aws:iam::659751573789:role/IambicSpokeRole",
                            "assume_role_policy": "{\"Statement\":[{\"Action\":[\"sts:AssumeRole\",\"sts:TagSession\"],\"Effect\":\"Allow\",\"Principal\":{\"AWS\":\"arn:aws:iam::659751573789:role/IambicHubRole\"}}],\"Version\":\"2012-10-17\"}",
                            "create_date": "2023-04-03T22:53:40Z",
                            "description": "This role is used by IAMbic to perform all actions on the account. It is assumed by the Iambic hub role in the hub account. Managed via CloudFormation.",
                            "id": "IambicSpokeRole",
                            "inline_policy.#": "1",
                            "inline_policy.0.name": "base_permissions",
                            "inline_policy.0.policy": "{\"Version\":\"2012-10-17\",\"Statement\":[{\"Action\":[\"ec2:Describe*\",\"identitystore:*\",\"organizations:describe*\",\"organizations:list*\",\"iam:*\",\"sso:*\"],\"Effect\":\"Allow\",\"Resource\":[\"*\"]},{\"Action\":[\"secretsmanager:CreateSecret\",\"secretsmanager:GetSecretValue\",\"secretsmanager:describesecret\",\"secretsmanager:listsecrets\",\"secretsmanager:listsecretversionids\",\"secretsmanager:PutSecretValue\"],\"Effect\":\"Allow\",\"Resource\":[\"arn:aws:secretsmanager:*:*:secret:iambic-config-secrets-*\"]}]}",
                            "managed_policy_arns.#": "1",
                            "managed_policy_arns.0": "arn:aws:iam::aws:policy/ReadOnlyAccess",
                            "max_session_duration": "3600",
                            "name": "IambicSpokeRole",
                            "name_prefix": "",
                            "path": "/",
                            "tags.%": "0",
                            "tags_all.%": "0",
                            "unique_id": "AROAZTHCCDEO223FZDMNI"
                        },
                        "meta": {
                            "schema_version": 0
                        },
                        "tainted": false
                    },
                    "deposed": [],
                    "provider": "provider.aws"
                },
                "aws_iam_role.tfer--iambic_github_app_lambda_execution": {
                    "type": "aws_iam_role",
                    "depends_on": [],
                    "primary": {
                        "id": "iambic_github_app_lambda_execution",
                        "attributes": {
                            "arn": "arn:aws:iam::659751573789:role/iambic_github_app_lambda_execution",
                            "assume_role_policy": "{\"Statement\":[{\"Action\":\"sts:AssumeRole\",\"Effect\":\"Allow\",\"Principal\":{\"Service\":\"lambda.amazonaws.com\"}}],\"Version\":\"2012-10-17\"}",
                            "create_date": "2023-04-03T23:54:07Z",
                            "description": "Github App Lambda Execution",
                            "id": "iambic_github_app_lambda_execution",
                            "inline_policy.#": "1",
                            "inline_policy.0.name": "github-app",
                            "inline_policy.0.policy": "{\"Version\":\"2012-10-17\",\"Statement\":[{\"Action\":[\"logs:CreateLogGroup\"],\"Effect\":\"Allow\",\"Resource\":[\"arn:aws:logs:*:659751573789:*\"],\"Sid\":\"CreateLogGroup\"},{\"Action\":[\"secretsmanager:GetSecretValue\"],\"Effect\":\"Allow\",\"Resource\":[\"arn:aws:secretsmanager:*:659751573789:secret:iambic/github-app-private-key\",\"arn:aws:secretsmanager:*:659751573789:secret:iambic/github-app-private-key-*\",\"arn:aws:secretsmanager:*:659751573789:secret:iambic/github-app-webhook-secret\",\"arn:aws:secretsmanager:*:659751573789:secret:iambic/github-app-webhook-secret-*\"],\"Sid\":\"SecretReading\"},{\"Action\":[\"logs:CreateLogStream\",\"logs:PutLogEvents\"],\"Effect\":\"Allow\",\"Resource\":[\"arn:aws:logs:*:659751573789:log-group:/aws/lambda/iambic_github_app_webhook*:*\"],\"Sid\":\"LogEvents\"},{\"Action\":\"sts:AssumeRole\",\"Effect\":\"Allow\",\"Resource\":\"arn:aws:iam::659751573789:role/IambicHubRole\"}]}",
                            "managed_policy_arns.#": "0",
                            "max_session_duration": "3600",
                            "name": "iambic_github_app_lambda_execution",
                            "name_prefix": "",
                            "path": "/",
                            "tags.%": "0",
                            "tags_all.%": "0",
                            "unique_id": "AROAZTHCCDEOULZXEPEHH"
                        },
                        "meta": {
                            "schema_version": 0
                        },
                        "tainted": false
                    },
                    "deposed": [],
                    "provider": "provider.aws"
                },
                "aws_iam_role_policy.tfer--IambicHubRole_assume_spoke_role": {
                    "type": "aws_iam_role_policy",
                    "depends_on": [],
                    "primary": {
                        "id": "IambicHubRole:assume_spoke_role",
                        "attributes": {
                            "id": "IambicHubRole:assume_spoke_role",
                            "name": "assume_spoke_role",
                            "policy": "{\"Version\":\"2012-10-17\",\"Statement\":[{\"Action\":[\"sts:assumerole\"],\"Effect\":\"Allow\",\"Resource\":[\"arn:aws:iam::*:role/IambicSpokeRole\"]}]}",
                            "role": "IambicHubRole"
                        },
                        "meta": {
                            "schema_version": 0
                        },
                        "tainted": false
                    },
                    "deposed": [],
                    "provider": "provider.aws"
                },
                "aws_iam_role_policy.tfer--IambicHubRole_list_spoke_account_info": {
                    "type": "aws_iam_role_policy",
                    "depends_on": [],
                    "primary": {
                        "id": "IambicHubRole:list_spoke_account_info",
                        "attributes": {
                            "id": "IambicHubRole:list_spoke_account_info",
                            "name": "list_spoke_account_info",
                            "policy": "{\"Version\":\"2012-10-17\",\"Statement\":[{\"Action\":[\"organizations:ListAccounts\",\"organizations:ListTagsForResource\"],\"Effect\":\"Allow\",\"Resource\":\"*\"}]}",
                            "role": "IambicHubRole"
                        },
                        "meta": {
                            "schema_version": 0
                        },
                        "tainted": false
                    },
                    "deposed": [],
                    "provider": "provider.aws"
                },
                "aws_iam_role_policy.tfer--IambicSpokeRole_base_permissions": {
                    "type": "aws_iam_role_policy",
                    "depends_on": [],
                    "primary": {
                        "id": "IambicSpokeRole:base_permissions",
                        "attributes": {
                            "id": "IambicSpokeRole:base_permissions",
                            "name": "base_permissions",
                            "policy": "{\"Version\":\"2012-10-17\",\"Statement\":[{\"Action\":[\"ec2:Describe*\",\"identitystore:*\",\"organizations:describe*\",\"organizations:list*\",\"iam:*\",\"sso:*\"],\"Effect\":\"Allow\",\"Resource\":[\"*\"]},{\"Action\":[\"secretsmanager:CreateSecret\",\"secretsmanager:GetSecretValue\",\"secretsmanager:describesecret\",\"secretsmanager:listsecrets\",\"secretsmanager:listsecretversionids\",\"secretsmanager:PutSecretValue\"],\"Effect\":\"Allow\",\"Resource\":[\"arn:aws:secretsmanager:*:*:secret:iambic-config-secrets-*\"]}]}",
                            "role": "IambicSpokeRole"
                        },
                        "meta": {
                            "schema_version": 0
                        },
                        "tainted": false
                    },
                    "deposed": [],
                    "provider": "provider.aws"
                },
                "aws_iam_role_policy.tfer--iambic_github_app_lambda_execution_github-app": {
                    "type": "aws_iam_role_policy",
                    "depends_on": [],
                    "primary": {
                        "id": "iambic_github_app_lambda_execution:github-app",
                        "attributes": {
                            "id": "iambic_github_app_lambda_execution:github-app",
                            "name": "github-app",
                            "policy": "{\"Version\":\"2012-10-17\",\"Statement\":[{\"Action\":[\"logs:CreateLogGroup\"],\"Effect\":\"Allow\",\"Resource\":[\"arn:aws:logs:*:659751573789:*\"],\"Sid\":\"CreateLogGroup\"},{\"Action\":[\"secretsmanager:GetSecretValue\"],\"Effect\":\"Allow\",\"Resource\":[\"arn:aws:secretsmanager:*:659751573789:secret:iambic/github-app-private-key\",\"arn:aws:secretsmanager:*:659751573789:secret:iambic/github-app-private-key-*\",\"arn:aws:secretsmanager:*:659751573789:secret:iambic/github-app-webhook-secret\",\"arn:aws:secretsmanager:*:659751573789:secret:iambic/github-app-webhook-secret-*\"],\"Sid\":\"SecretReading\"},{\"Action\":[\"logs:CreateLogStream\",\"logs:PutLogEvents\"],\"Effect\":\"Allow\",\"Resource\":[\"arn:aws:logs:*:659751573789:log-group:/aws/lambda/iambic_github_app_webhook*:*\"],\"Sid\":\"LogEvents\"},{\"Action\":\"sts:AssumeRole\",\"Effect\":\"Allow\",\"Resource\":\"arn:aws:iam::659751573789:role/IambicHubRole\"}]}",
                            "role": "iambic_github_app_lambda_execution"
                        },
                        "meta": {
                            "schema_version": 0
                        },
                        "tainted": false
                    },
                    "deposed": [],
                    "provider": "provider.aws"
                },
                "aws_iam_role_policy_attachment.tfer--AWSReservedSSO_AdministratorAccess_c46a6fdefb24c150_AdministratorAccess": {
                    "type": "aws_iam_role_policy_attachment",
                    "depends_on": [],
                    "primary": {
                        "id": "AWSReservedSSO_AdministratorAccess_c46a6fdefb24c150/arn:aws:iam::aws:policy/AdministratorAccess",
                        "attributes": {
                            "id": "AWSReservedSSO_AdministratorAccess_c46a6fdefb24c150/arn:aws:iam::aws:policy/AdministratorAccess",
                            "policy_arn": "arn:aws:iam::aws:policy/AdministratorAccess",
                            "role": "AWSReservedSSO_AdministratorAccess_c46a6fdefb24c150"
                        },
                        "meta": {
                            "schema_version": 0
                        },
                        "tainted": false
                    },
                    "deposed": [],
                    "provider": "provider.aws"
                },
                "aws_iam_role_policy_attachment.tfer--AWSServiceRoleForCloudFormationStackSetsOrgAdmin_CloudFormationStackSetsOrgAdminServiceRolePolicy": {
                    "type": "aws_iam_role_policy_attachment",
                    "depends_on": [],
                    "primary": {
                        "id": "AWSServiceRoleForCloudFormationStackSetsOrgAdmin/arn:aws:iam::aws:policy/aws-service-role/CloudFormationStackSetsOrgAdminServiceRolePolicy",
                        "attributes": {
                            "id": "AWSServiceRoleForCloudFormationStackSetsOrgAdmin/arn:aws:iam::aws:policy/aws-service-role/CloudFormationStackSetsOrgAdminServiceRolePolicy",
                            "policy_arn": "arn:aws:iam::aws:policy/aws-service-role/CloudFormationStackSetsOrgAdminServiceRolePolicy",
                            "role": "AWSServiceRoleForCloudFormationStackSetsOrgAdmin"
                        },
                        "meta": {
                            "schema_version": 0
                        },
                        "tainted": false
                    },
                    "deposed": [],
                    "provider": "provider.aws"
                },
                "aws_iam_role_policy_attachment.tfer--AWSServiceRoleForOrganizations_AWSOrganizationsServiceTrustPolicy": {
                    "type": "aws_iam_role_policy_attachment",
                    "depends_on": [],
                    "primary": {
                        "id": "AWSServiceRoleForOrganizations/arn:aws:iam::aws:policy/aws-service-role/AWSOrganizationsServiceTrustPolicy",
                        "attributes": {
                            "id": "AWSServiceRoleForOrganizations/arn:aws:iam::aws:policy/aws-service-role/AWSOrganizationsServiceTrustPolicy",
                            "policy_arn": "arn:aws:iam::aws:policy/aws-service-role/AWSOrganizationsServiceTrustPolicy",
                            "role": "AWSServiceRoleForOrganizations"
                        },
                        "meta": {
                            "schema_version": 0
                        },
                        "tainted": false
                    },
                    "deposed": [],
                    "provider": "provider.aws"
                },
                "aws_iam_role_policy_attachment.tfer--AWSServiceRoleForSSO_AWSSSOServiceRolePolicy": {
                    "type": "aws_iam_role_policy_attachment",
                    "depends_on": [],
                    "primary": {
                        "id": "AWSServiceRoleForSSO/arn:aws:iam::aws:policy/aws-service-role/AWSSSOServiceRolePolicy",
                        "attributes": {
                            "id": "AWSServiceRoleForSSO/arn:aws:iam::aws:policy/aws-service-role/AWSSSOServiceRolePolicy",
                            "policy_arn": "arn:aws:iam::aws:policy/aws-service-role/AWSSSOServiceRolePolicy",
                            "role": "AWSServiceRoleForSSO"
                        },
                        "meta": {
                            "schema_version": 0
                        },
                        "tainted": false
                    },
                    "deposed": [],
                    "provider": "provider.aws"
                },
                "aws_iam_role_policy_attachment.tfer--AWSServiceRoleForSupport_AWSSupportServiceRolePolicy": {
                    "type": "aws_iam_role_policy_attachment",
                    "depends_on": [],
                    "primary": {
                        "id": "AWSServiceRoleForSupport/arn:aws:iam::aws:policy/aws-service-role/AWSSupportServiceRolePolicy",
                        "attributes": {
                            "id": "AWSServiceRoleForSupport/arn:aws:iam::aws:policy/aws-service-role/AWSSupportServiceRolePolicy",
                            "policy_arn": "arn:aws:iam::aws:policy/aws-service-role/AWSSupportServiceRolePolicy",
                            "role": "AWSServiceRoleForSupport"
                        },
                        "meta": {
                            "schema_version": 0
                        },
                        "tainted": false
                    },
                    "deposed": [],
                    "provider": "provider.aws"
                },
                "aws_iam_role_policy_attachment.tfer--AWSServiceRoleForTrustedAdvisor_AWSTrustedAdvisorServiceRolePolicy": {
                    "type": "aws_iam_role_policy_attachment",
                    "depends_on": [],
                    "primary": {
                        "id": "AWSServiceRoleForTrustedAdvisor/arn:aws:iam::aws:policy/aws-service-role/AWSTrustedAdvisorServiceRolePolicy",
                        "attributes": {
                            "id": "AWSServiceRoleForTrustedAdvisor/arn:aws:iam::aws:policy/aws-service-role/AWSTrustedAdvisorServiceRolePolicy",
                            "policy_arn": "arn:aws:iam::aws:policy/aws-service-role/AWSTrustedAdvisorServiceRolePolicy",
                            "role": "AWSServiceRoleForTrustedAdvisor"
                        },
                        "meta": {
                            "schema_version": 0
                        },
                        "tainted": false
                    },
                    "deposed": [],
                    "provider": "provider.aws"
                },
                "aws_iam_role_policy_attachment.tfer--IambicSpokeRole_ReadOnlyAccess": {
                    "type": "aws_iam_role_policy_attachment",
                    "depends_on": [],
                    "primary": {
                        "id": "IambicSpokeRole/arn:aws:iam::aws:policy/ReadOnlyAccess",
                        "attributes": {
                            "id": "IambicSpokeRole/arn:aws:iam::aws:policy/ReadOnlyAccess",
                            "policy_arn": "arn:aws:iam::aws:policy/ReadOnlyAccess",
                            "role": "IambicSpokeRole"
                        },
                        "meta": {
                            "schema_version": 0
                        },
                        "tainted": false
                    },
                    "deposed": [],
                    "provider": "provider.aws"
                }
            },
            "depends_on": []
        }
    ]
}
