{
    "version": 3,
    "terraform_version": "0.12.31",
    "serial": 1,
    "lineage": "70f9e312-e139-ea53-d588-cec0b31ea648",
    "modules": [
        {
            "path": [
                "root"
            ],
            "outputs": {
                "aws_iam_instance_profile_tfer--import-sensor_id": {
                    "sensitive": false,
                    "type": "string",
                    "value": "import-sensor"
                },
                "aws_iam_instance_profile_tfer--sample-app-role-dev_id": {
                    "sensitive": false,
                    "type": "string",
                    "value": "sample-app-role-dev"
                },
                "aws_iam_policy_tfer--AWSLambdaBasicExecutionRole-78a8ff97-2ce1-463c-8ade-3ebefaa55e39_id": {
                    "sensitive": false,
                    "type": "string",
                    "value": "arn:aws:iam::961373467395:policy/service-role/AWSLambdaBasicExecutionRole-78a8ff97-2ce1-463c-8ade-3ebefaa55e39"
                },
                "aws_iam_policy_tfer--Amazon-EventBridge-Scheduler-Execution-Policy-3cbacae5-aec0-4f7d-8225-e4c971c46e18_id": {
                    "sensitive": false,
                    "type": "string",
                    "value": "arn:aws:iam::961373467395:policy/service-role/Amazon-EventBridge-Scheduler-Execution-Policy-3cbacae5-aec0-4f7d-8225-e4c971c46e18"
                },
                "aws_iam_role_policy_attachment_tfer--AWSReservedSSO_AdministratorAccess_a8b8dc74ce313286_AdministratorAccess_id": {
                    "sensitive": false,
                    "type": "string",
                    "value": "AWSReservedSSO_AdministratorAccess_a8b8dc74ce313286/arn:aws:iam::aws:policy/AdministratorAccess"
                },
                "aws_iam_role_policy_attachment_tfer--AWSServiceRoleForCloudFormationStackSetsOrgMember_CloudFormationStackSetsOrgMemberServiceRolePolicy_id": {
                    "sensitive": false,
                    "type": "string",
                    "value": "AWSServiceRoleForCloudFormationStackSetsOrgMember/arn:aws:iam::aws:policy/aws-service-role/CloudFormationStackSetsOrgMemberServiceRolePolicy"
                },
                "aws_iam_role_policy_attachment_tfer--AWSServiceRoleForOrganizations_AWSOrganizationsServiceTrustPolicy_id": {
                    "sensitive": false,
                    "type": "string",
                    "value": "AWSServiceRoleForOrganizations/arn:aws:iam::aws:policy/aws-service-role/AWSOrganizationsServiceTrustPolicy"
                },
                "aws_iam_role_policy_attachment_tfer--AWSServiceRoleForSSO_AWSSSOServiceRolePolicy_id": {
                    "sensitive": false,
                    "type": "string",
                    "value": "AWSServiceRoleForSSO/arn:aws:iam::aws:policy/aws-service-role/AWSSSOServiceRolePolicy"
                },
                "aws_iam_role_policy_attachment_tfer--AWSServiceRoleForSupport_AWSSupportServiceRolePolicy_id": {
                    "sensitive": false,
                    "type": "string",
                    "value": "AWSServiceRoleForSupport/arn:aws:iam::aws:policy/aws-service-role/AWSSupportServiceRolePolicy"
                },
                "aws_iam_role_policy_attachment_tfer--AWSServiceRoleForTrustedAdvisor_AWSTrustedAdvisorServiceRolePolicy_id": {
                    "sensitive": false,
                    "type": "string",
                    "value": "AWSServiceRoleForTrustedAdvisor/arn:aws:iam::aws:policy/aws-service-role/AWSTrustedAdvisorServiceRolePolicy"
                },
                "aws_iam_role_policy_attachment_tfer--Amazon_EventBridge_Scheduler_LAMBDA_0a11868946_Amazon-EventBridge-Scheduler-Execution-Policy-3cbacae5-aec0-4f7d-8225-e4c971c46e18_id": {
                    "sensitive": false,
                    "type": "string",
                    "value": "Amazon_EventBridge_Scheduler_LAMBDA_0a11868946/arn:aws:iam::961373467395:policy/service-role/Amazon-EventBridge-Scheduler-Execution-Policy-3cbacae5-aec0-4f7d-8225-e4c971c46e18"
                },
                "aws_iam_role_policy_attachment_tfer--IambicSpokeRole_ReadOnlyAccess_id": {
                    "sensitive": false,
                    "type": "string",
                    "value": "IambicSpokeRole/arn:aws:iam::aws:policy/ReadOnlyAccess"
                },
                "aws_iam_role_policy_attachment_tfer--OrganizationAccountAccessRole_AdministratorAccess_id": {
                    "sensitive": false,
                    "type": "string",
                    "value": "OrganizationAccountAccessRole/arn:aws:iam::aws:policy/AdministratorAccess"
                },
                "aws_iam_role_policy_attachment_tfer--stacksets-exec-3a13bad69ee5cf8afa9722d7c9573dc1_AdministratorAccess_id": {
                    "sensitive": false,
                    "type": "string",
                    "value": "stacksets-exec-3a13bad69ee5cf8afa9722d7c9573dc1/arn:aws:iam::aws:policy/AdministratorAccess"
                },
                "aws_iam_role_policy_attachment_tfer--update_role_description-role-j21873m9_AWSLambdaBasicExecutionRole-78a8ff97-2ce1-463c-8ade-3ebefaa55e39_id": {
                    "sensitive": false,
                    "type": "string",
                    "value": "update_role_description-role-j21873m9/arn:aws:iam::961373467395:policy/service-role/AWSLambdaBasicExecutionRole-78a8ff97-2ce1-463c-8ade-3ebefaa55e39"
                },
                "aws_iam_role_policy_tfer--IambicSpokeRole_base_permissions_id": {
                    "sensitive": false,
                    "type": "string",
                    "value": "IambicSpokeRole:base_permissions"
                },
                "aws_iam_role_policy_tfer--update_role_description-role-j21873m9_update-role-description_id": {
                    "sensitive": false,
                    "type": "string",
                    "value": "update_role_description-role-j21873m9:update-role-description"
                },
                "aws_iam_role_tfer--AWSReservedSSO_AdministratorAccess_a8b8dc74ce313286_id": {
                    "sensitive": false,
                    "type": "string",
                    "value": "AWSReservedSSO_AdministratorAccess_a8b8dc74ce313286"
                },
                "aws_iam_role_tfer--AWSServiceRoleForCloudFormationStackSetsOrgMember_id": {
                    "sensitive": false,
                    "type": "string",
                    "value": "AWSServiceRoleForCloudFormationStackSetsOrgMember"
                },
                "aws_iam_role_tfer--AWSServiceRoleForOrganizations_id": {
                    "sensitive": false,
                    "type": "string",
                    "value": "AWSServiceRoleForOrganizations"
                },
                "aws_iam_role_tfer--AWSServiceRoleForSSO_id": {
                    "sensitive": false,
                    "type": "string",
                    "value": "AWSServiceRoleForSSO"
                },
                "aws_iam_role_tfer--AWSServiceRoleForSupport_id": {
                    "sensitive": false,
                    "type": "string",
                    "value": "AWSServiceRoleForSupport"
                },
                "aws_iam_role_tfer--AWSServiceRoleForTrustedAdvisor_id": {
                    "sensitive": false,
                    "type": "string",
                    "value": "AWSServiceRoleForTrustedAdvisor"
                },
                "aws_iam_role_tfer--Amazon_EventBridge_Scheduler_LAMBDA_0a11868946_id": {
                    "sensitive": false,
                    "type": "string",
                    "value": "Amazon_EventBridge_Scheduler_LAMBDA_0a11868946"
                },
                "aws_iam_role_tfer--IambicSpokeRole_id": {
                    "sensitive": false,
                    "type": "string",
                    "value": "IambicSpokeRole"
                },
                "aws_iam_role_tfer--OrganizationAccountAccessRole_id": {
                    "sensitive": false,
                    "type": "string",
                    "value": "OrganizationAccountAccessRole"
                },
                "aws_iam_role_tfer--import-sensor_id": {
                    "sensitive": false,
                    "type": "string",
                    "value": "import-sensor"
                },
                "aws_iam_role_tfer--sample-app-role-dev_id": {
                    "sensitive": false,
                    "type": "string",
                    "value": "sample-app-role-dev"
                },
                "aws_iam_role_tfer--stacksets-exec-3a13bad69ee5cf8afa9722d7c9573dc1_id": {
                    "sensitive": false,
                    "type": "string",
                    "value": "stacksets-exec-3a13bad69ee5cf8afa9722d7c9573dc1"
                },
                "aws_iam_role_tfer--update_role_description-role-j21873m9_id": {
                    "sensitive": false,
                    "type": "string",
                    "value": "update_role_description-role-j21873m9"
                },
                "aws_iam_user_tfer--AIDA57VSS6MB7FW372HK2_id": {
                    "sensitive": false,
                    "type": "string",
                    "value": "alice"
                },
                "aws_iam_user_tfer--AIDA57VSS6MB7UNQHUKAE_id": {
                    "sensitive": false,
                    "type": "string",
                    "value": "bob"
                },
                "aws_iam_user_tfer--AIDA57VSS6MBUU3K6AWZS_id": {
                    "sensitive": false,
                    "type": "string",
                    "value": "charlie"
                }
            },
            "resources": {
                "aws_iam_instance_profile.tfer--import-sensor": {
                    "type": "aws_iam_instance_profile",
                    "depends_on": [],
                    "primary": {
                        "id": "import-sensor",
                        "attributes": {
                            "arn": "arn:aws:iam::961373467395:instance-profile/import-sensor",
                            "create_date": "2023-04-04T17:34:39Z",
                            "id": "import-sensor",
                            "name": "import-sensor",
                            "name_prefix": "",
                            "path": "/",
                            "role": "import-sensor",
                            "tags.%": "0",
                            "tags_all.%": "0",
                            "unique_id": "AIPA57VSS6MBXGBX53DDS"
                        },
                        "meta": {
                            "schema_version": 0
                        },
                        "tainted": false
                    },
                    "deposed": [],
                    "provider": "provider.aws"
                },
                "aws_iam_instance_profile.tfer--sample-app-role-dev": {
                    "type": "aws_iam_instance_profile",
                    "depends_on": [],
                    "primary": {
                        "id": "sample-app-role-dev",
                        "attributes": {
                            "arn": "arn:aws:iam::961373467395:instance-profile/sample-app-role-dev",
                            "create_date": "2023-04-03T22:45:53Z",
                            "id": "sample-app-role-dev",
                            "name": "sample-app-role-dev",
                            "name_prefix": "",
                            "path": "/",
                            "role": "sample-app-role-dev",
                            "tags.%": "0",
                            "tags_all.%": "0",
                            "unique_id": "AIPA57VSS6MB23B3R7BV6"
                        },
                        "meta": {
                            "schema_version": 0
                        },
                        "tainted": false
                    },
                    "deposed": [],
                    "provider": "provider.aws"
                },
                "aws_iam_policy.tfer--AWSLambdaBasicExecutionRole-78a8ff97-2ce1-463c-8ade-3ebefaa55e39": {
                    "type": "aws_iam_policy",
                    "depends_on": [],
                    "primary": {
                        "id": "arn:aws:iam::961373467395:policy/service-role/AWSLambdaBasicExecutionRole-78a8ff97-2ce1-463c-8ade-3ebefaa55e39",
                        "attributes": {
                            "arn": "arn:aws:iam::961373467395:policy/service-role/AWSLambdaBasicExecutionRole-78a8ff97-2ce1-463c-8ade-3ebefaa55e39",
                            "description": "",
                            "id": "arn:aws:iam::961373467395:policy/service-role/AWSLambdaBasicExecutionRole-78a8ff97-2ce1-463c-8ade-3ebefaa55e39",
                            "name": "AWSLambdaBasicExecutionRole-78a8ff97-2ce1-463c-8ade-3ebefaa55e39",
                            "name_prefix": "",
                            "path": "/service-role/",
                            "policy": "{\"Statement\":[{\"Action\":\"logs:CreateLogGroup\",\"Effect\":\"Allow\",\"Resource\":\"arn:aws:logs:us-east-1:961373467395:*\"},{\"Action\":[\"logs:CreateLogStream\",\"logs:PutLogEvents\"],\"Effect\":\"Allow\",\"Resource\":[\"arn:aws:logs:us-east-1:961373467395:log-group:/aws/lambda/update_role_description:*\"]}],\"Version\":\"2012-10-17\"}",
                            "policy_id": "ANPA57VSS6MB5XKEDN2FE",
                            "tags.%": "0",
                            "tags_all.%": "0"
                        },
                        "meta": {
                            "schema_version": 0
                        },
                        "tainted": false
                    },
                    "deposed": [],
                    "provider": "provider.aws"
                },
                "aws_iam_policy.tfer--Amazon-EventBridge-Scheduler-Execution-Policy-3cbacae5-aec0-4f7d-8225-e4c971c46e18": {
                    "type": "aws_iam_policy",
                    "depends_on": [],
                    "primary": {
                        "id": "arn:aws:iam::961373467395:policy/service-role/Amazon-EventBridge-Scheduler-Execution-Policy-3cbacae5-aec0-4f7d-8225-e4c971c46e18",
                        "attributes": {
                            "arn": "arn:aws:iam::961373467395:policy/service-role/Amazon-EventBridge-Scheduler-Execution-Policy-3cbacae5-aec0-4f7d-8225-e4c971c46e18",
                            "description": "",
                            "id": "arn:aws:iam::961373467395:policy/service-role/Amazon-EventBridge-Scheduler-Execution-Policy-3cbacae5-aec0-4f7d-8225-e4c971c46e18",
                            "name": "Amazon-EventBridge-Scheduler-Execution-Policy-3cbacae5-aec0-4f7d-8225-e4c971c46e18",
                            "name_prefix": "",
                            "path": "/service-role/",
                            "policy": "{\"Statement\":[{\"Action\":[\"lambda:InvokeFunction\"],\"Effect\":\"Allow\",\"Resource\":[\"arn:aws:lambda:us-east-1:961373467395:function:update_role_description:*\",\"arn:aws:lambda:us-east-1:961373467395:function:update_role_description\"]}],\"Version\":\"2012-10-17\"}",
                            "policy_id": "ANPA57VSS6MBQN574QMND",
                            "tags.%": "0",
                            "tags_all.%": "0"
                        },
                        "meta": {
                            "schema_version": 0
                        },
                        "tainted": false
                    },
                    "deposed": [],
                    "provider": "provider.aws"
                },
                "aws_iam_role.tfer--AWSReservedSSO_AdministratorAccess_a8b8dc74ce313286": {
                    "type": "aws_iam_role",
                    "depends_on": [],
                    "primary": {
                        "id": "AWSReservedSSO_AdministratorAccess_a8b8dc74ce313286",
                        "attributes": {
                            "arn": "arn:aws:iam::961373467395:role/aws-reserved/sso.amazonaws.com/us-west-2/AWSReservedSSO_AdministratorAccess_a8b8dc74ce313286",
                            "assume_role_policy": "{\"Statement\":[{\"Action\":[\"sts:AssumeRoleWithSAML\",\"sts:TagSession\"],\"Condition\":{\"StringEquals\":{\"SAML:aud\":\"https://signin.aws.amazon.com/saml\"}},\"Effect\":\"Allow\",\"Principal\":{\"Federated\":\"arn:aws:iam::961373467395:saml-provider/AWSSSO_ec24901780963bd5_DO_NOT_DELETE\"}}],\"Version\":\"2012-10-17\"}",
                            "create_date": "2023-04-03T22:43:34Z",
                            "description": "",
                            "id": "AWSReservedSSO_AdministratorAccess_a8b8dc74ce313286",
                            "managed_policy_arns.#": "1",
                            "managed_policy_arns.0": "arn:aws:iam::aws:policy/AdministratorAccess",
                            "max_session_duration": "43200",
                            "name": "AWSReservedSSO_AdministratorAccess_a8b8dc74ce313286",
                            "name_prefix": "",
                            "path": "/aws-reserved/sso.amazonaws.com/us-west-2/",
                            "tags.%": "0",
                            "tags_all.%": "0",
                            "unique_id": "AROA57VSS6MBSA4ZUS77H"
                        },
                        "meta": {
                            "schema_version": 0
                        },
                        "tainted": false
                    },
                    "deposed": [],
                    "provider": "provider.aws"
                },
                "aws_iam_role.tfer--AWSServiceRoleForCloudFormationStackSetsOrgMember": {
                    "type": "aws_iam_role",
                    "depends_on": [],
                    "primary": {
                        "id": "AWSServiceRoleForCloudFormationStackSetsOrgMember",
                        "attributes": {
                            "arn": "arn:aws:iam::961373467395:role/aws-service-role/member.org.stacksets.cloudformation.amazonaws.com/AWSServiceRoleForCloudFormationStackSetsOrgMember",
                            "assume_role_policy": "{\"Statement\":[{\"Action\":\"sts:AssumeRole\",\"Effect\":\"Allow\",\"Principal\":{\"Service\":\"member.org.stacksets.cloudformation.amazonaws.com\"}}],\"Version\":\"2012-10-17\"}",
                            "create_date": "2023-04-03T22:54:18Z",
                            "description": "Service linked role for CloudFormation StackSets (Organization Member)",
                            "id": "AWSServiceRoleForCloudFormationStackSetsOrgMember",
                            "managed_policy_arns.#": "1",
                            "managed_policy_arns.0": "arn:aws:iam::aws:policy/aws-service-role/CloudFormationStackSetsOrgMemberServiceRolePolicy",
                            "max_session_duration": "3600",
                            "name": "AWSServiceRoleForCloudFormationStackSetsOrgMember",
                            "name_prefix": "",
                            "path": "/aws-service-role/member.org.stacksets.cloudformation.amazonaws.com/",
                            "tags.%": "0",
                            "tags_all.%": "0",
                            "unique_id": "AROA57VSS6MB76RMYGX4H"
                        },
                        "meta": {
                            "schema_version": 0
                        },
                        "tainted": false
                    },
                    "deposed": [],
                    "provider": "provider.aws"
                },
                "aws_iam_role.tfer--AWSServiceRoleForOrganizations": {
                    "type": "aws_iam_role",
                    "depends_on": [],
                    "primary": {
                        "id": "AWSServiceRoleForOrganizations",
                        "attributes": {
                            "arn": "arn:aws:iam::961373467395:role/aws-service-role/organizations.amazonaws.com/AWSServiceRoleForOrganizations",
                            "assume_role_policy": "{\"Statement\":[{\"Action\":\"sts:AssumeRole\",\"Effect\":\"Allow\",\"Principal\":{\"Service\":\"organizations.amazonaws.com\"}}],\"Version\":\"2012-10-17\"}",
                            "create_date": "2023-04-03T22:25:44Z",
                            "description": "Service-linked role used by AWS Organizations to enable integration of other AWS services with Organizations.",
                            "id": "AWSServiceRoleForOrganizations",
                            "managed_policy_arns.#": "1",
                            "managed_policy_arns.0": "arn:aws:iam::aws:policy/aws-service-role/AWSOrganizationsServiceTrustPolicy",
                            "max_session_duration": "3600",
                            "name": "AWSServiceRoleForOrganizations",
                            "name_prefix": "",
                            "path": "/aws-service-role/organizations.amazonaws.com/",
                            "tags.%": "0",
                            "tags_all.%": "0",
                            "unique_id": "AROA57VSS6MBWCXDIRBF3"
                        },
                        "meta": {
                            "schema_version": 0
                        },
                        "tainted": false
                    },
                    "deposed": [],
                    "provider": "provider.aws"
                },
                "aws_iam_role.tfer--AWSServiceRoleForSSO": {
                    "type": "aws_iam_role",
                    "depends_on": [],
                    "primary": {
                        "id": "AWSServiceRoleForSSO",
                        "attributes": {
                            "arn": "arn:aws:iam::961373467395:role/aws-service-role/sso.amazonaws.com/AWSServiceRoleForSSO",
                            "assume_role_policy": "{\"Statement\":[{\"Action\":\"sts:AssumeRole\",\"Effect\":\"Allow\",\"Principal\":{\"Service\":\"sso.amazonaws.com\"}}],\"Version\":\"2012-10-17\"}",
                            "create_date": "2023-04-03T22:38:33Z",
                            "description": "Service-linked role used by AWS SSO to manage AWS resources, including IAM roles, policies and SAML IdP on your behalf.",
                            "id": "AWSServiceRoleForSSO",
                            "managed_policy_arns.#": "1",
                            "managed_policy_arns.0": "arn:aws:iam::aws:policy/aws-service-role/AWSSSOServiceRolePolicy",
                            "max_session_duration": "3600",
                            "name": "AWSServiceRoleForSSO",
                            "name_prefix": "",
                            "path": "/aws-service-role/sso.amazonaws.com/",
                            "tags.%": "0",
                            "tags_all.%": "0",
                            "unique_id": "AROA57VSS6MB6QPW5FOWI"
                        },
                        "meta": {
                            "schema_version": 0
                        },
                        "tainted": false
                    },
                    "deposed": [],
                    "provider": "provider.aws"
                },
                "aws_iam_role.tfer--AWSServiceRoleForSupport": {
                    "type": "aws_iam_role",
                    "depends_on": [],
                    "primary": {
                        "id": "AWSServiceRoleForSupport",
                        "attributes": {
                            "arn": "arn:aws:iam::961373467395:role/aws-service-role/support.amazonaws.com/AWSServiceRoleForSupport",
                            "assume_role_policy": "{\"Statement\":[{\"Action\":\"sts:AssumeRole\",\"Effect\":\"Allow\",\"Principal\":{\"Service\":\"support.amazonaws.com\"}}],\"Version\":\"2012-10-17\"}",
                            "create_date": "2023-04-03T22:25:43Z",
                            "description": "Enables resource access for AWS to provide billing, administrative and support services",
                            "id": "AWSServiceRoleForSupport",
                            "managed_policy_arns.#": "1",
                            "managed_policy_arns.0": "arn:aws:iam::aws:policy/aws-service-role/AWSSupportServiceRolePolicy",
                            "max_session_duration": "3600",
                            "name": "AWSServiceRoleForSupport",
                            "name_prefix": "",
                            "path": "/aws-service-role/support.amazonaws.com/",
                            "tags.%": "0",
                            "tags_all.%": "0",
                            "unique_id": "AROA57VSS6MBXLR4KCCKH"
                        },
                        "meta": {
                            "schema_version": 0
                        },
                        "tainted": false
                    },
                    "deposed": [],
                    "provider": "provider.aws"
                },
                "aws_iam_role.tfer--AWSServiceRoleForTrustedAdvisor": {
                    "type": "aws_iam_role",
                    "depends_on": [],
                    "primary": {
                        "id": "AWSServiceRoleForTrustedAdvisor",
                        "attributes": {
                            "arn": "arn:aws:iam::961373467395:role/aws-service-role/trustedadvisor.amazonaws.com/AWSServiceRoleForTrustedAdvisor",
                            "assume_role_policy": "{\"Statement\":[{\"Action\":\"sts:AssumeRole\",\"Effect\":\"Allow\",\"Principal\":{\"Service\":\"trustedadvisor.amazonaws.com\"}}],\"Version\":\"2012-10-17\"}",
                            "create_date": "2023-04-03T22:25:43Z",
                            "description": "Access for the AWS Trusted Advisor Service to help reduce cost, increase performance, and improve security of your AWS environment.",
                            "id": "AWSServiceRoleForTrustedAdvisor",
                            "managed_policy_arns.#": "1",
                            "managed_policy_arns.0": "arn:aws:iam::aws:policy/aws-service-role/AWSTrustedAdvisorServiceRolePolicy",
                            "max_session_duration": "3600",
                            "name": "AWSServiceRoleForTrustedAdvisor",
                            "name_prefix": "",
                            "path": "/aws-service-role/trustedadvisor.amazonaws.com/",
                            "tags.%": "0",
                            "tags_all.%": "0",
                            "unique_id": "AROA57VSS6MBSCVG2TESM"
                        },
                        "meta": {
                            "schema_version": 0
                        },
                        "tainted": false
                    },
                    "deposed": [],
                    "provider": "provider.aws"
                },
                "aws_iam_role.tfer--Amazon_EventBridge_Scheduler_LAMBDA_0a11868946": {
                    "type": "aws_iam_role",
                    "depends_on": [],
                    "primary": {
                        "id": "Amazon_EventBridge_Scheduler_LAMBDA_0a11868946",
                        "attributes": {
                            "arn": "arn:aws:iam::961373467395:role/service-role/Amazon_EventBridge_Scheduler_LAMBDA_0a11868946",
                            "assume_role_policy": "{\"Statement\":[{\"Action\":\"sts:AssumeRole\",\"Condition\":{\"StringEquals\":{\"aws:SourceAccount\":\"961373467395\"}},\"Effect\":\"Allow\",\"Principal\":{\"Service\":\"scheduler.amazonaws.com\"}}],\"Version\":\"2012-10-17\"}",
                            "create_date": "2023-04-04T17:50:52Z",
                            "description": "",
                            "id": "Amazon_EventBridge_Scheduler_LAMBDA_0a11868946",
                            "managed_policy_arns.#": "1",
                            "managed_policy_arns.0": "arn:aws:iam::961373467395:policy/service-role/Amazon-EventBridge-Scheduler-Execution-Policy-3cbacae5-aec0-4f7d-8225-e4c971c46e18",
                            "max_session_duration": "3600",
                            "name": "Amazon_EventBridge_Scheduler_LAMBDA_0a11868946",
                            "name_prefix": "",
                            "path": "/service-role/",
                            "tags.%": "0",
                            "tags_all.%": "0",
                            "unique_id": "AROA57VSS6MBS3R624JFJ"
                        },
                        "meta": {
                            "schema_version": 0
                        },
                        "tainted": false
                    },
                    "deposed": [],
                    "provider": "provider.aws"
                },
                "aws_iam_role.tfer--IambicSpokeRole": {
                    "type": "aws_iam_role",
                    "depends_on": [],
                    "primary": {
                        "id": "IambicSpokeRole",
                        "attributes": {
                            "arn": "arn:aws:iam::961373467395:role/IambicSpokeRole",
                            "assume_role_policy": "{\"Statement\":[{\"Action\":[\"sts:AssumeRole\",\"sts:TagSession\"],\"Effect\":\"Allow\",\"Principal\":{\"AWS\":\"arn:aws:iam::659751573789:role/IambicHubRole\"}}],\"Version\":\"2012-10-17\"}",
                            "create_date": "2023-04-03T22:54:44Z",
                            "description": "This role is used by IAMbic to perform all actions on the account. It is assumed by the Iambic hub role in the hub account. Managed via CloudFormation.",
                            "id": "IambicSpokeRole",
                            "inline_policy.#": "1",
                            "inline_policy.0.name": "base_permissions",
                            "inline_policy.0.policy": "{\"Version\":\"2012-10-17\",\"Statement\":[{\"Action\":[\"ec2:Describe*\",\"identitystore:*\",\"organizations:describe*\",\"organizations:list*\",\"iam:*\",\"sso:*\"],\"Effect\":\"Allow\",\"Resource\":[\"*\"]},{\"Action\":[\"secretsmanager:CreateSecret\",\"secretsmanager:GetSecretValue\",\"secretsmanager:describesecret\",\"secretsmanager:listsecrets\",\"secretsmanager:listsecretversionids\",\"secretsmanager:PutSecretValue\"],\"Effect\":\"Allow\",\"Resource\":[\"arn:aws:secretsmanager:*:*:secret:iambic-config-secrets-*\"]}]}",
                            "managed_policy_arns.#": "1",
                            "managed_policy_arns.0": "arn:aws:iam::aws:policy/ReadOnlyAccess",
                            "max_session_duration": "3600",
                            "name": "IambicSpokeRole",
                            "name_prefix": "",
                            "path": "/",
                            "tags.%": "0",
                            "tags_all.%": "0",
                            "unique_id": "AROA57VSS6MBTGXZI6CJP"
                        },
                        "meta": {
                            "schema_version": 0
                        },
                        "tainted": false
                    },
                    "deposed": [],
                    "provider": "provider.aws"
                },
                "aws_iam_role.tfer--OrganizationAccountAccessRole": {
                    "type": "aws_iam_role",
                    "depends_on": [],
                    "primary": {
                        "id": "OrganizationAccountAccessRole",
                        "attributes": {
                            "arn": "arn:aws:iam::961373467395:role/OrganizationAccountAccessRole",
                            "assume_role_policy": "{\"Statement\":[{\"Action\":\"sts:AssumeRole\",\"Effect\":\"Allow\",\"Principal\":{\"AWS\":\"arn:aws:iam::659751573789:root\"}}],\"Version\":\"2012-10-17\"}",
                            "create_date": "2023-04-03T22:25:43Z",
                            "description": "",
                            "id": "OrganizationAccountAccessRole",
                            "managed_policy_arns.#": "1",
                            "managed_policy_arns.0": "arn:aws:iam::aws:policy/AdministratorAccess",
                            "max_session_duration": "3600",
                            "name": "OrganizationAccountAccessRole",
                            "name_prefix": "",
                            "path": "/",
                            "tags.%": "0",
                            "tags_all.%": "0",
                            "unique_id": "AROA57VSS6MB3CZMFNY53"
                        },
                        "meta": {
                            "schema_version": 0
                        },
                        "tainted": false
                    },
                    "deposed": [],
                    "provider": "provider.aws"
                },
                "aws_iam_role.tfer--import-sensor": {
                    "type": "aws_iam_role",
                    "depends_on": [],
                    "primary": {
                        "id": "import-sensor",
                        "attributes": {
                            "arn": "arn:aws:iam::961373467395:role/import-sensor",
                            "assume_role_policy": "{\"Statement\":[{\"Action\":\"sts:AssumeRole\",\"Effect\":\"Allow\",\"Principal\":{\"Service\":\"ec2.amazonaws.com\"}}],\"Version\":\"2012-10-17\"}",
                            "create_date": "2023-04-04T17:34:38Z",
                            "description": "2023-04-05T22:00:19.963188",
                            "id": "import-sensor",
                            "managed_policy_arns.#": "0",
                            "max_session_duration": "3600",
                            "name": "import-sensor",
                            "name_prefix": "",
                            "path": "/",
                            "tags.%": "0",
                            "tags_all.%": "0",
                            "unique_id": "AROA57VSS6MBU6IMFJSV3"
                        },
                        "meta": {
                            "schema_version": 0
                        },
                        "tainted": false
                    },
                    "deposed": [],
                    "provider": "provider.aws"
                },
                "aws_iam_role.tfer--sample-app-role-dev": {
                    "type": "aws_iam_role",
                    "depends_on": [],
                    "primary": {
                        "id": "sample-app-role-dev",
                        "attributes": {
                            "arn": "arn:aws:iam::961373467395:role/sample-app-role-dev",
                            "assume_role_policy": "{\"Statement\":[{\"Action\":\"sts:AssumeRole\",\"Effect\":\"Allow\",\"Principal\":{\"Service\":\"ec2.amazonaws.com\"}}],\"Version\":\"2012-10-17\"}",
                            "create_date": "2023-04-03T22:45:52Z",
                            "description": "Allows EC2 instances to call AWS services on your behalf.",
                            "id": "sample-app-role-dev",
                            "managed_policy_arns.#": "0",
                            "max_session_duration": "3600",
                            "name": "sample-app-role-dev",
                            "name_prefix": "",
                            "path": "/",
                            "tags.%": "0",
                            "tags_all.%": "0",
                            "unique_id": "AROA57VSS6MBRUG6VTPF6"
                        },
                        "meta": {
                            "schema_version": 0
                        },
                        "tainted": false
                    },
                    "deposed": [],
                    "provider": "provider.aws"
                },
                "aws_iam_role.tfer--stacksets-exec-3a13bad69ee5cf8afa9722d7c9573dc1": {
                    "type": "aws_iam_role",
                    "depends_on": [],
                    "primary": {
                        "id": "stacksets-exec-3a13bad69ee5cf8afa9722d7c9573dc1",
                        "attributes": {
                            "arn": "arn:aws:iam::961373467395:role/stacksets-exec-3a13bad69ee5cf8afa9722d7c9573dc1",
                            "assume_role_policy": "{\"Id\":\"stacksets-exec-3a13bad69ee5cf8afa9722d7c9573dc1-assume-role-policy\",\"Statement\":[{\"Action\":\"sts:AssumeRole\",\"Effect\":\"Allow\",\"Principal\":{\"AWS\":\"arn:aws:iam::659751573789:role/aws-service-role/stacksets.cloudformation.amazonaws.com/AWSServiceRoleForCloudFormationStackSetsOrgAdmin\"},\"Sid\":\"1\"}],\"Version\":\"2012-10-17\"}",
                            "create_date": "2023-04-03T22:54:28Z",
                            "description": "Role created by AWSCloudFormation StackSets",
                            "id": "stacksets-exec-3a13bad69ee5cf8afa9722d7c9573dc1",
                            "managed_policy_arns.#": "1",
                            "managed_policy_arns.0": "arn:aws:iam::aws:policy/AdministratorAccess",
                            "max_session_duration": "3600",
                            "name": "stacksets-exec-3a13bad69ee5cf8afa9722d7c9573dc1",
                            "name_prefix": "stacksets-exec-3a13ba",
                            "path": "/",
                            "tags.%": "0",
                            "tags_all.%": "0",
                            "unique_id": "AROA57VSS6MBXICAYF3KK"
                        },
                        "meta": {
                            "schema_version": 0
                        },
                        "tainted": false
                    },
                    "deposed": [],
                    "provider": "provider.aws"
                },
                "aws_iam_role.tfer--update_role_description-role-j21873m9": {
                    "type": "aws_iam_role",
                    "depends_on": [],
                    "primary": {
                        "id": "update_role_description-role-j21873m9",
                        "attributes": {
                            "arn": "arn:aws:iam::961373467395:role/service-role/update_role_description-role-j21873m9",
                            "assume_role_policy": "{\"Statement\":[{\"Action\":\"sts:AssumeRole\",\"Effect\":\"Allow\",\"Principal\":{\"Service\":\"lambda.amazonaws.com\"}}],\"Version\":\"2012-10-17\"}",
                            "create_date": "2023-04-04T17:38:36Z",
                            "description": "",
                            "id": "update_role_description-role-j21873m9",
                            "inline_policy.#": "1",
                            "inline_policy.0.name": "update-role-description",
                            "inline_policy.0.policy": "{\"Version\":\"2012-10-17\",\"Statement\":[{\"Action\":\"iam:UpdateRoleDescription\",\"Effect\":\"Allow\",\"Resource\":\"arn:aws:iam::961373467395:role/import-sensor\",\"Sid\":\"VisualEditor0\"}]}",
                            "managed_policy_arns.#": "1",
                            "managed_policy_arns.0": "arn:aws:iam::961373467395:policy/service-role/AWSLambdaBasicExecutionRole-78a8ff97-2ce1-463c-8ade-3ebefaa55e39",
                            "max_session_duration": "3600",
                            "name": "update_role_description-role-j21873m9",
                            "name_prefix": "",
                            "path": "/service-role/",
                            "tags.%": "0",
                            "tags_all.%": "0",
                            "unique_id": "AROA57VSS6MBUEPBJ7AY3"
                        },
                        "meta": {
                            "schema_version": 0
                        },
                        "tainted": false
                    },
                    "deposed": [],
                    "provider": "provider.aws"
                },
                "aws_iam_role_policy.tfer--IambicSpokeRole_base_permissions": {
                    "type": "aws_iam_role_policy",
                    "depends_on": [],
                    "primary": {
                        "id": "IambicSpokeRole:base_permissions",
                        "attributes": {
                            "id": "IambicSpokeRole:base_permissions",
                            "name": "base_permissions",
                            "policy": "{\"Version\":\"2012-10-17\",\"Statement\":[{\"Action\":[\"ec2:Describe*\",\"identitystore:*\",\"organizations:describe*\",\"organizations:list*\",\"iam:*\",\"sso:*\"],\"Effect\":\"Allow\",\"Resource\":[\"*\"]},{\"Action\":[\"secretsmanager:CreateSecret\",\"secretsmanager:GetSecretValue\",\"secretsmanager:describesecret\",\"secretsmanager:listsecrets\",\"secretsmanager:listsecretversionids\",\"secretsmanager:PutSecretValue\"],\"Effect\":\"Allow\",\"Resource\":[\"arn:aws:secretsmanager:*:*:secret:iambic-config-secrets-*\"]}]}",
                            "role": "IambicSpokeRole"
                        },
                        "meta": {
                            "schema_version": 0
                        },
                        "tainted": false
                    },
                    "deposed": [],
                    "provider": "provider.aws"
                },
                "aws_iam_role_policy.tfer--update_role_description-role-j21873m9_update-role-description": {
                    "type": "aws_iam_role_policy",
                    "depends_on": [],
                    "primary": {
                        "id": "update_role_description-role-j21873m9:update-role-description",
                        "attributes": {
                            "id": "update_role_description-role-j21873m9:update-role-description",
                            "name": "update-role-description",
                            "policy": "{\"Version\":\"2012-10-17\",\"Statement\":[{\"Action\":\"iam:UpdateRoleDescription\",\"Effect\":\"Allow\",\"Resource\":\"arn:aws:iam::961373467395:role/import-sensor\",\"Sid\":\"VisualEditor0\"}]}",
                            "role": "update_role_description-role-j21873m9"
                        },
                        "meta": {
                            "schema_version": 0
                        },
                        "tainted": false
                    },
                    "deposed": [],
                    "provider": "provider.aws"
                },
                "aws_iam_role_policy_attachment.tfer--AWSReservedSSO_AdministratorAccess_a8b8dc74ce313286_AdministratorAccess": {
                    "type": "aws_iam_role_policy_attachment",
                    "depends_on": [],
                    "primary": {
                        "id": "AWSReservedSSO_AdministratorAccess_a8b8dc74ce313286/arn:aws:iam::aws:policy/AdministratorAccess",
                        "attributes": {
                            "id": "AWSReservedSSO_AdministratorAccess_a8b8dc74ce313286/arn:aws:iam::aws:policy/AdministratorAccess",
                            "policy_arn": "arn:aws:iam::aws:policy/AdministratorAccess",
                            "role": "AWSReservedSSO_AdministratorAccess_a8b8dc74ce313286"
                        },
                        "meta": {
                            "schema_version": 0
                        },
                        "tainted": false
                    },
                    "deposed": [],
                    "provider": "provider.aws"
                },
                "aws_iam_role_policy_attachment.tfer--AWSServiceRoleForCloudFormationStackSetsOrgMember_CloudFormationStackSetsOrgMemberServiceRolePolicy": {
                    "type": "aws_iam_role_policy_attachment",
                    "depends_on": [],
                    "primary": {
                        "id": "AWSServiceRoleForCloudFormationStackSetsOrgMember/arn:aws:iam::aws:policy/aws-service-role/CloudFormationStackSetsOrgMemberServiceRolePolicy",
                        "attributes": {
                            "id": "AWSServiceRoleForCloudFormationStackSetsOrgMember/arn:aws:iam::aws:policy/aws-service-role/CloudFormationStackSetsOrgMemberServiceRolePolicy",
                            "policy_arn": "arn:aws:iam::aws:policy/aws-service-role/CloudFormationStackSetsOrgMemberServiceRolePolicy",
                            "role": "AWSServiceRoleForCloudFormationStackSetsOrgMember"
                        },
                        "meta": {
                            "schema_version": 0
                        },
                        "tainted": false
                    },
                    "deposed": [],
                    "provider": "provider.aws"
                },
                "aws_iam_role_policy_attachment.tfer--AWSServiceRoleForOrganizations_AWSOrganizationsServiceTrustPolicy": {
                    "type": "aws_iam_role_policy_attachment",
                    "depends_on": [],
                    "primary": {
                        "id": "AWSServiceRoleForOrganizations/arn:aws:iam::aws:policy/aws-service-role/AWSOrganizationsServiceTrustPolicy",
                        "attributes": {
                            "id": "AWSServiceRoleForOrganizations/arn:aws:iam::aws:policy/aws-service-role/AWSOrganizationsServiceTrustPolicy",
                            "policy_arn": "arn:aws:iam::aws:policy/aws-service-role/AWSOrganizationsServiceTrustPolicy",
                            "role": "AWSServiceRoleForOrganizations"
                        },
                        "meta": {
                            "schema_version": 0
                        },
                        "tainted": false
                    },
                    "deposed": [],
                    "provider": "provider.aws"
                },
                "aws_iam_role_policy_attachment.tfer--AWSServiceRoleForSSO_AWSSSOServiceRolePolicy": {
                    "type": "aws_iam_role_policy_attachment",
                    "depends_on": [],
                    "primary": {
                        "id": "AWSServiceRoleForSSO/arn:aws:iam::aws:policy/aws-service-role/AWSSSOServiceRolePolicy",
                        "attributes": {
                            "id": "AWSServiceRoleForSSO/arn:aws:iam::aws:policy/aws-service-role/AWSSSOServiceRolePolicy",
                            "policy_arn": "arn:aws:iam::aws:policy/aws-service-role/AWSSSOServiceRolePolicy",
                            "role": "AWSServiceRoleForSSO"
                        },
                        "meta": {
                            "schema_version": 0
                        },
                        "tainted": false
                    },
                    "deposed": [],
                    "provider": "provider.aws"
                },
                "aws_iam_role_policy_attachment.tfer--AWSServiceRoleForSupport_AWSSupportServiceRolePolicy": {
                    "type": "aws_iam_role_policy_attachment",
                    "depends_on": [],
                    "primary": {
                        "id": "AWSServiceRoleForSupport/arn:aws:iam::aws:policy/aws-service-role/AWSSupportServiceRolePolicy",
                        "attributes": {
                            "id": "AWSServiceRoleForSupport/arn:aws:iam::aws:policy/aws-service-role/AWSSupportServiceRolePolicy",
                            "policy_arn": "arn:aws:iam::aws:policy/aws-service-role/AWSSupportServiceRolePolicy",
                            "role": "AWSServiceRoleForSupport"
                        },
                        "meta": {
                            "schema_version": 0
                        },
                        "tainted": false
                    },
                    "deposed": [],
                    "provider": "provider.aws"
                },
                "aws_iam_role_policy_attachment.tfer--AWSServiceRoleForTrustedAdvisor_AWSTrustedAdvisorServiceRolePolicy": {
                    "type": "aws_iam_role_policy_attachment",
                    "depends_on": [],
                    "primary": {
                        "id": "AWSServiceRoleForTrustedAdvisor/arn:aws:iam::aws:policy/aws-service-role/AWSTrustedAdvisorServiceRolePolicy",
                        "attributes": {
                            "id": "AWSServiceRoleForTrustedAdvisor/arn:aws:iam::aws:policy/aws-service-role/AWSTrustedAdvisorServiceRolePolicy",
                            "policy_arn": "arn:aws:iam::aws:policy/aws-service-role/AWSTrustedAdvisorServiceRolePolicy",
                            "role": "AWSServiceRoleForTrustedAdvisor"
                        },
                        "meta": {
                            "schema_version": 0
                        },
                        "tainted": false
                    },
                    "deposed": [],
                    "provider": "provider.aws"
                },
                "aws_iam_role_policy_attachment.tfer--Amazon_EventBridge_Scheduler_LAMBDA_0a11868946_Amazon-EventBridge-Scheduler-Execution-Policy-3cbacae5-aec0-4f7d-8225-e4c971c46e18": {
                    "type": "aws_iam_role_policy_attachment",
                    "depends_on": [],
                    "primary": {
                        "id": "Amazon_EventBridge_Scheduler_LAMBDA_0a11868946/arn:aws:iam::961373467395:policy/service-role/Amazon-EventBridge-Scheduler-Execution-Policy-3cbacae5-aec0-4f7d-8225-e4c971c46e18",
                        "attributes": {
                            "id": "Amazon_EventBridge_Scheduler_LAMBDA_0a11868946/arn:aws:iam::961373467395:policy/service-role/Amazon-EventBridge-Scheduler-Execution-Policy-3cbacae5-aec0-4f7d-8225-e4c971c46e18",
                            "policy_arn": "arn:aws:iam::961373467395:policy/service-role/Amazon-EventBridge-Scheduler-Execution-Policy-3cbacae5-aec0-4f7d-8225-e4c971c46e18",
                            "role": "Amazon_EventBridge_Scheduler_LAMBDA_0a11868946"
                        },
                        "meta": {
                            "schema_version": 0
                        },
                        "tainted": false
                    },
                    "deposed": [],
                    "provider": "provider.aws"
                },
                "aws_iam_role_policy_attachment.tfer--IambicSpokeRole_ReadOnlyAccess": {
                    "type": "aws_iam_role_policy_attachment",
                    "depends_on": [],
                    "primary": {
                        "id": "IambicSpokeRole/arn:aws:iam::aws:policy/ReadOnlyAccess",
                        "attributes": {
                            "id": "IambicSpokeRole/arn:aws:iam::aws:policy/ReadOnlyAccess",
                            "policy_arn": "arn:aws:iam::aws:policy/ReadOnlyAccess",
                            "role": "IambicSpokeRole"
                        },
                        "meta": {
                            "schema_version": 0
                        },
                        "tainted": false
                    },
                    "deposed": [],
                    "provider": "provider.aws"
                },
                "aws_iam_role_policy_attachment.tfer--OrganizationAccountAccessRole_AdministratorAccess": {
                    "type": "aws_iam_role_policy_attachment",
                    "depends_on": [],
                    "primary": {
                        "id": "OrganizationAccountAccessRole/arn:aws:iam::aws:policy/AdministratorAccess",
                        "attributes": {
                            "id": "OrganizationAccountAccessRole/arn:aws:iam::aws:policy/AdministratorAccess",
                            "policy_arn": "arn:aws:iam::aws:policy/AdministratorAccess",
                            "role": "OrganizationAccountAccessRole"
                        },
                        "meta": {
                            "schema_version": 0
                        },
                        "tainted": false
                    },
                    "deposed": [],
                    "provider": "provider.aws"
                },
                "aws_iam_role_policy_attachment.tfer--stacksets-exec-3a13bad69ee5cf8afa9722d7c9573dc1_AdministratorAccess": {
                    "type": "aws_iam_role_policy_attachment",
                    "depends_on": [],
                    "primary": {
                        "id": "stacksets-exec-3a13bad69ee5cf8afa9722d7c9573dc1/arn:aws:iam::aws:policy/AdministratorAccess",
                        "attributes": {
                            "id": "stacksets-exec-3a13bad69ee5cf8afa9722d7c9573dc1/arn:aws:iam::aws:policy/AdministratorAccess",
                            "policy_arn": "arn:aws:iam::aws:policy/AdministratorAccess",
                            "role": "stacksets-exec-3a13bad69ee5cf8afa9722d7c9573dc1"
                        },
                        "meta": {
                            "schema_version": 0
                        },
                        "tainted": false
                    },
                    "deposed": [],
                    "provider": "provider.aws"
                },
                "aws_iam_role_policy_attachment.tfer--update_role_description-role-j21873m9_AWSLambdaBasicExecutionRole-78a8ff97-2ce1-463c-8ade-3ebefaa55e39": {
                    "type": "aws_iam_role_policy_attachment",
                    "depends_on": [],
                    "primary": {
                        "id": "update_role_description-role-j21873m9/arn:aws:iam::961373467395:policy/service-role/AWSLambdaBasicExecutionRole-78a8ff97-2ce1-463c-8ade-3ebefaa55e39",
                        "attributes": {
                            "id": "update_role_description-role-j21873m9/arn:aws:iam::961373467395:policy/service-role/AWSLambdaBasicExecutionRole-78a8ff97-2ce1-463c-8ade-3ebefaa55e39",
                            "policy_arn": "arn:aws:iam::961373467395:policy/service-role/AWSLambdaBasicExecutionRole-78a8ff97-2ce1-463c-8ade-3ebefaa55e39",
                            "role": "update_role_description-role-j21873m9"
                        },
                        "meta": {
                            "schema_version": 0
                        },
                        "tainted": false
                    },
                    "deposed": [],
                    "provider": "provider.aws"
                },
                "aws_iam_user.tfer--AIDA57VSS6MB7FW372HK2": {
                    "type": "aws_iam_user",
                    "depends_on": [],
                    "primary": {
                        "id": "alice",
                        "attributes": {
                            "arn": "arn:aws:iam::961373467395:user/alice",
                            "force_destroy": "false",
                            "id": "alice",
                            "name": "alice",
                            "path": "/",
                            "tags.%": "0",
                            "tags_all.%": "0",
                            "unique_id": "AIDA57VSS6MB7FW372HK2"
                        },
                        "meta": {
                            "schema_version": 0
                        },
                        "tainted": false
                    },
                    "deposed": [],
                    "provider": "provider.aws"
                },
                "aws_iam_user.tfer--AIDA57VSS6MB7UNQHUKAE": {
                    "type": "aws_iam_user",
                    "depends_on": [],
                    "primary": {
                        "id": "bob",
                        "attributes": {
                            "arn": "arn:aws:iam::961373467395:user/bob",
                            "force_destroy": "false",
                            "id": "bob",
                            "name": "bob",
                            "path": "/",
                            "tags.%": "0",
                            "tags_all.%": "0",
                            "unique_id": "AIDA57VSS6MB7UNQHUKAE"
                        },
                        "meta": {
                            "schema_version": 0
                        },
                        "tainted": false
                    },
                    "deposed": [],
                    "provider": "provider.aws"
                },
                "aws_iam_user.tfer--AIDA57VSS6MBUU3K6AWZS": {
                    "type": "aws_iam_user",
                    "depends_on": [],
                    "primary": {
                        "id": "charlie",
                        "attributes": {
                            "arn": "arn:aws:iam::961373467395:user/charlie",
                            "force_destroy": "false",
                            "id": "charlie",
                            "name": "charlie",
                            "path": "/",
                            "tags.%": "0",
                            "tags_all.%": "0",
                            "unique_id": "AIDA57VSS6MBUU3K6AWZS"
                        },
                        "meta": {
                            "schema_version": 0
                        },
                        "tainted": false
                    },
                    "deposed": [],
                    "provider": "provider.aws"
                }
            },
            "depends_on": []
        }
    ]
}
