{
    "version": 3,
    "terraform_version": "0.12.31",
    "serial": 1,
    "lineage": "0ac7ff55-09e1-5335-6bc4-cf55d4d55c84",
    "modules": [
        {
            "path": [
                "root"
            ],
            "outputs": {
                "aws_iam_instance_profile_tfer--sample-app-role-stage_id": {
                    "sensitive": false,
                    "type": "string",
                    "value": "sample-app-role-stage"
                },
                "aws_iam_role_policy_attachment_tfer--AWSReservedSSO_AdministratorAccess_ebe7cc3131876224_AdministratorAccess_id": {
                    "sensitive": false,
                    "type": "string",
                    "value": "AWSReservedSSO_AdministratorAccess_ebe7cc3131876224/arn:aws:iam::aws:policy/AdministratorAccess"
                },
                "aws_iam_role_policy_attachment_tfer--AWSServiceRoleForCloudFormationStackSetsOrgMember_CloudFormationStackSetsOrgMemberServiceRolePolicy_id": {
                    "sensitive": false,
                    "type": "string",
                    "value": "AWSServiceRoleForCloudFormationStackSetsOrgMember/arn:aws:iam::aws:policy/aws-service-role/CloudFormationStackSetsOrgMemberServiceRolePolicy"
                },
                "aws_iam_role_policy_attachment_tfer--AWSServiceRoleForOrganizations_AWSOrganizationsServiceTrustPolicy_id": {
                    "sensitive": false,
                    "type": "string",
                    "value": "AWSServiceRoleForOrganizations/arn:aws:iam::aws:policy/aws-service-role/AWSOrganizationsServiceTrustPolicy"
                },
                "aws_iam_role_policy_attachment_tfer--AWSServiceRoleForSSO_AWSSSOServiceRolePolicy_id": {
                    "sensitive": false,
                    "type": "string",
                    "value": "AWSServiceRoleForSSO/arn:aws:iam::aws:policy/aws-service-role/AWSSSOServiceRolePolicy"
                },
                "aws_iam_role_policy_attachment_tfer--AWSServiceRoleForSupport_AWSSupportServiceRolePolicy_id": {
                    "sensitive": false,
                    "type": "string",
                    "value": "AWSServiceRoleForSupport/arn:aws:iam::aws:policy/aws-service-role/AWSSupportServiceRolePolicy"
                },
                "aws_iam_role_policy_attachment_tfer--AWSServiceRoleForTrustedAdvisor_AWSTrustedAdvisorServiceRolePolicy_id": {
                    "sensitive": false,
                    "type": "string",
                    "value": "AWSServiceRoleForTrustedAdvisor/arn:aws:iam::aws:policy/aws-service-role/AWSTrustedAdvisorServiceRolePolicy"
                },
                "aws_iam_role_policy_attachment_tfer--IambicSpokeRole_ReadOnlyAccess_id": {
                    "sensitive": false,
                    "type": "string",
                    "value": "IambicSpokeRole/arn:aws:iam::aws:policy/ReadOnlyAccess"
                },
                "aws_iam_role_policy_attachment_tfer--OrganizationAccountAccessRole_AdministratorAccess_id": {
                    "sensitive": false,
                    "type": "string",
                    "value": "OrganizationAccountAccessRole/arn:aws:iam::aws:policy/AdministratorAccess"
                },
                "aws_iam_role_policy_attachment_tfer--stacksets-exec-3a13bad69ee5cf8afa9722d7c9573dc1_AdministratorAccess_id": {
                    "sensitive": false,
                    "type": "string",
                    "value": "stacksets-exec-3a13bad69ee5cf8afa9722d7c9573dc1/arn:aws:iam::aws:policy/AdministratorAccess"
                },
                "aws_iam_role_policy_tfer--IambicSpokeRole_base_permissions_id": {
                    "sensitive": false,
                    "type": "string",
                    "value": "IambicSpokeRole:base_permissions"
                },
                "aws_iam_role_tfer--AWSReservedSSO_AdministratorAccess_ebe7cc3131876224_id": {
                    "sensitive": false,
                    "type": "string",
                    "value": "AWSReservedSSO_AdministratorAccess_ebe7cc3131876224"
                },
                "aws_iam_role_tfer--AWSServiceRoleForCloudFormationStackSetsOrgMember_id": {
                    "sensitive": false,
                    "type": "string",
                    "value": "AWSServiceRoleForCloudFormationStackSetsOrgMember"
                },
                "aws_iam_role_tfer--AWSServiceRoleForOrganizations_id": {
                    "sensitive": false,
                    "type": "string",
                    "value": "AWSServiceRoleForOrganizations"
                },
                "aws_iam_role_tfer--AWSServiceRoleForSSO_id": {
                    "sensitive": false,
                    "type": "string",
                    "value": "AWSServiceRoleForSSO"
                },
                "aws_iam_role_tfer--AWSServiceRoleForSupport_id": {
                    "sensitive": false,
                    "type": "string",
                    "value": "AWSServiceRoleForSupport"
                },
                "aws_iam_role_tfer--AWSServiceRoleForTrustedAdvisor_id": {
                    "sensitive": false,
                    "type": "string",
                    "value": "AWSServiceRoleForTrustedAdvisor"
                },
                "aws_iam_role_tfer--IambicSpokeRole_id": {
                    "sensitive": false,
                    "type": "string",
                    "value": "IambicSpokeRole"
                },
                "aws_iam_role_tfer--OrganizationAccountAccessRole_id": {
                    "sensitive": false,
                    "type": "string",
                    "value": "OrganizationAccountAccessRole"
                },
                "aws_iam_role_tfer--sample-app-role-stage_id": {
                    "sensitive": false,
                    "type": "string",
                    "value": "sample-app-role-stage"
                },
                "aws_iam_role_tfer--stacksets-exec-3a13bad69ee5cf8afa9722d7c9573dc1_id": {
                    "sensitive": false,
                    "type": "string",
                    "value": "stacksets-exec-3a13bad69ee5cf8afa9722d7c9573dc1"
                },
                "aws_iam_user_tfer--AIDAVNX3MIN6T52HFPL25_id": {
                    "sensitive": false,
                    "type": "string",
                    "value": "bob"
                },
                "aws_iam_user_tfer--AIDAVNX3MIN6TCTTGUPTU_id": {
                    "sensitive": false,
                    "type": "string",
                    "value": "charlie"
                },
                "aws_iam_user_tfer--AIDAVNX3MIN6VZZHALAAZ_id": {
                    "sensitive": false,
                    "type": "string",
                    "value": "alice"
                }
            },
            "resources": {
                "aws_iam_instance_profile.tfer--sample-app-role-stage": {
                    "type": "aws_iam_instance_profile",
                    "depends_on": [],
                    "primary": {
                        "id": "sample-app-role-stage",
                        "attributes": {
                            "arn": "arn:aws:iam::373115601789:instance-profile/sample-app-role-stage",
                            "create_date": "2023-04-03T22:47:35Z",
                            "id": "sample-app-role-stage",
                            "name": "sample-app-role-stage",
                            "name_prefix": "",
                            "path": "/",
                            "role": "sample-app-role-stage",
                            "tags.%": "0",
                            "tags_all.%": "0",
                            "unique_id": "AIPAVNX3MIN67XFJIH6BL"
                        },
                        "meta": {
                            "schema_version": 0
                        },
                        "tainted": false
                    },
                    "deposed": [],
                    "provider": "provider.aws"
                },
                "aws_iam_role.tfer--AWSReservedSSO_AdministratorAccess_ebe7cc3131876224": {
                    "type": "aws_iam_role",
                    "depends_on": [],
                    "primary": {
                        "id": "AWSReservedSSO_AdministratorAccess_ebe7cc3131876224",
                        "attributes": {
                            "arn": "arn:aws:iam::373115601789:role/aws-reserved/sso.amazonaws.com/us-west-2/AWSReservedSSO_AdministratorAccess_ebe7cc3131876224",
                            "assume_role_policy": "{\"Statement\":[{\"Action\":[\"sts:AssumeRoleWithSAML\",\"sts:TagSession\"],\"Condition\":{\"StringEquals\":{\"SAML:aud\":\"https://signin.aws.amazon.com/saml\"}},\"Effect\":\"Allow\",\"Principal\":{\"Federated\":\"arn:aws:iam::373115601789:saml-provider/AWSSSO_2a6867d5c8feaa4b_DO_NOT_DELETE\"}}],\"Version\":\"2012-10-17\"}",
                            "create_date": "2023-04-03T22:43:34Z",
                            "description": "",
                            "id": "AWSReservedSSO_AdministratorAccess_ebe7cc3131876224",
                            "managed_policy_arns.#": "1",
                            "managed_policy_arns.0": "arn:aws:iam::aws:policy/AdministratorAccess",
                            "max_session_duration": "43200",
                            "name": "AWSReservedSSO_AdministratorAccess_ebe7cc3131876224",
                            "name_prefix": "",
                            "path": "/aws-reserved/sso.amazonaws.com/us-west-2/",
                            "tags.%": "0",
                            "tags_all.%": "0",
                            "unique_id": "AROAVNX3MIN67JDUZD7HS"
                        },
                        "meta": {
                            "schema_version": 0
                        },
                        "tainted": false
                    },
                    "deposed": [],
                    "provider": "provider.aws"
                },
                "aws_iam_role.tfer--AWSServiceRoleForCloudFormationStackSetsOrgMember": {
                    "type": "aws_iam_role",
                    "depends_on": [],
                    "primary": {
                        "id": "AWSServiceRoleForCloudFormationStackSetsOrgMember",
                        "attributes": {
                            "arn": "arn:aws:iam::373115601789:role/aws-service-role/member.org.stacksets.cloudformation.amazonaws.com/AWSServiceRoleForCloudFormationStackSetsOrgMember",
                            "assume_role_policy": "{\"Statement\":[{\"Action\":\"sts:AssumeRole\",\"Effect\":\"Allow\",\"Principal\":{\"Service\":\"member.org.stacksets.cloudformation.amazonaws.com\"}}],\"Version\":\"2012-10-17\"}",
                            "create_date": "2023-04-03T22:54:12Z",
                            "description": "Service linked role for CloudFormation StackSets (Organization Member)",
                            "id": "AWSServiceRoleForCloudFormationStackSetsOrgMember",
                            "managed_policy_arns.#": "1",
                            "managed_policy_arns.0": "arn:aws:iam::aws:policy/aws-service-role/CloudFormationStackSetsOrgMemberServiceRolePolicy",
                            "max_session_duration": "3600",
                            "name": "AWSServiceRoleForCloudFormationStackSetsOrgMember",
                            "name_prefix": "",
                            "path": "/aws-service-role/member.org.stacksets.cloudformation.amazonaws.com/",
                            "tags.%": "0",
                            "tags_all.%": "0",
                            "unique_id": "AROAVNX3MIN6RNDH6M7DQ"
                        },
                        "meta": {
                            "schema_version": 0
                        },
                        "tainted": false
                    },
                    "deposed": [],
                    "provider": "provider.aws"
                },
                "aws_iam_role.tfer--AWSServiceRoleForOrganizations": {
                    "type": "aws_iam_role",
                    "depends_on": [],
                    "primary": {
                        "id": "AWSServiceRoleForOrganizations",
                        "attributes": {
                            "arn": "arn:aws:iam::373115601789:role/aws-service-role/organizations.amazonaws.com/AWSServiceRoleForOrganizations",
                            "assume_role_policy": "{\"Statement\":[{\"Action\":\"sts:AssumeRole\",\"Effect\":\"Allow\",\"Principal\":{\"Service\":\"organizations.amazonaws.com\"}}],\"Version\":\"2012-10-17\"}",
                            "create_date": "2023-04-03T22:28:52Z",
                            "description": "Service-linked role used by AWS Organizations to enable integration of other AWS services with Organizations.",
                            "id": "AWSServiceRoleForOrganizations",
                            "managed_policy_arns.#": "1",
                            "managed_policy_arns.0": "arn:aws:iam::aws:policy/aws-service-role/AWSOrganizationsServiceTrustPolicy",
                            "max_session_duration": "3600",
                            "name": "AWSServiceRoleForOrganizations",
                            "name_prefix": "",
                            "path": "/aws-service-role/organizations.amazonaws.com/",
                            "tags.%": "0",
                            "tags_all.%": "0",
                            "unique_id": "AROAVNX3MIN6QT3MLCE6F"
                        },
                        "meta": {
                            "schema_version": 0
                        },
                        "tainted": false
                    },
                    "deposed": [],
                    "provider": "provider.aws"
                },
                "aws_iam_role.tfer--AWSServiceRoleForSSO": {
                    "type": "aws_iam_role",
                    "depends_on": [],
                    "primary": {
                        "id": "AWSServiceRoleForSSO",
                        "attributes": {
                            "arn": "arn:aws:iam::373115601789:role/aws-service-role/sso.amazonaws.com/AWSServiceRoleForSSO",
                            "assume_role_policy": "{\"Statement\":[{\"Action\":\"sts:AssumeRole\",\"Effect\":\"Allow\",\"Principal\":{\"Service\":\"sso.amazonaws.com\"}}],\"Version\":\"2012-10-17\"}",
                            "create_date": "2023-04-03T22:38:32Z",
                            "description": "Service-linked role used by AWS SSO to manage AWS resources, including IAM roles, policies and SAML IdP on your behalf.",
                            "id": "AWSServiceRoleForSSO",
                            "managed_policy_arns.#": "1",
                            "managed_policy_arns.0": "arn:aws:iam::aws:policy/aws-service-role/AWSSSOServiceRolePolicy",
                            "max_session_duration": "3600",
                            "name": "AWSServiceRoleForSSO",
                            "name_prefix": "",
                            "path": "/aws-service-role/sso.amazonaws.com/",
                            "tags.%": "0",
                            "tags_all.%": "0",
                            "unique_id": "AROAVNX3MIN66UT4564H4"
                        },
                        "meta": {
                            "schema_version": 0
                        },
                        "tainted": false
                    },
                    "deposed": [],
                    "provider": "provider.aws"
                },
                "aws_iam_role.tfer--AWSServiceRoleForSupport": {
                    "type": "aws_iam_role",
                    "depends_on": [],
                    "primary": {
                        "id": "AWSServiceRoleForSupport",
                        "attributes": {
                            "arn": "arn:aws:iam::373115601789:role/aws-service-role/support.amazonaws.com/AWSServiceRoleForSupport",
                            "assume_role_policy": "{\"Statement\":[{\"Action\":\"sts:AssumeRole\",\"Effect\":\"Allow\",\"Principal\":{\"Service\":\"support.amazonaws.com\"}}],\"Version\":\"2012-10-17\"}",
                            "create_date": "2023-04-03T22:28:51Z",
                            "description": "Enables resource access for AWS to provide billing, administrative and support services",
                            "id": "AWSServiceRoleForSupport",
                            "managed_policy_arns.#": "1",
                            "managed_policy_arns.0": "arn:aws:iam::aws:policy/aws-service-role/AWSSupportServiceRolePolicy",
                            "max_session_duration": "3600",
                            "name": "AWSServiceRoleForSupport",
                            "name_prefix": "",
                            "path": "/aws-service-role/support.amazonaws.com/",
                            "tags.%": "0",
                            "tags_all.%": "0",
                            "unique_id": "AROAVNX3MIN6W6WGGFQFP"
                        },
                        "meta": {
                            "schema_version": 0
                        },
                        "tainted": false
                    },
                    "deposed": [],
                    "provider": "provider.aws"
                },
                "aws_iam_role.tfer--AWSServiceRoleForTrustedAdvisor": {
                    "type": "aws_iam_role",
                    "depends_on": [],
                    "primary": {
                        "id": "AWSServiceRoleForTrustedAdvisor",
                        "attributes": {
                            "arn": "arn:aws:iam::373115601789:role/aws-service-role/trustedadvisor.amazonaws.com/AWSServiceRoleForTrustedAdvisor",
                            "assume_role_policy": "{\"Statement\":[{\"Action\":\"sts:AssumeRole\",\"Effect\":\"Allow\",\"Principal\":{\"Service\":\"trustedadvisor.amazonaws.com\"}}],\"Version\":\"2012-10-17\"}",
                            "create_date": "2023-04-03T22:28:51Z",
                            "description": "Access for the AWS Trusted Advisor Service to help reduce cost, increase performance, and improve security of your AWS environment.",
                            "id": "AWSServiceRoleForTrustedAdvisor",
                            "managed_policy_arns.#": "1",
                            "managed_policy_arns.0": "arn:aws:iam::aws:policy/aws-service-role/AWSTrustedAdvisorServiceRolePolicy",
                            "max_session_duration": "3600",
                            "name": "AWSServiceRoleForTrustedAdvisor",
                            "name_prefix": "",
                            "path": "/aws-service-role/trustedadvisor.amazonaws.com/",
                            "tags.%": "0",
                            "tags_all.%": "0",
                            "unique_id": "AROAVNX3MIN657C36GKHF"
                        },
                        "meta": {
                            "schema_version": 0
                        },
                        "tainted": false
                    },
                    "deposed": [],
                    "provider": "provider.aws"
                },
                "aws_iam_role.tfer--IambicSpokeRole": {
                    "type": "aws_iam_role",
                    "depends_on": [],
                    "primary": {
                        "id": "IambicSpokeRole",
                        "attributes": {
                            "arn": "arn:aws:iam::373115601789:role/IambicSpokeRole",
                            "assume_role_policy": "{\"Statement\":[{\"Action\":[\"sts:AssumeRole\",\"sts:TagSession\"],\"Effect\":\"Allow\",\"Principal\":{\"AWS\":\"arn:aws:iam::659751573789:role/IambicHubRole\"}}],\"Version\":\"2012-10-17\"}",
                            "create_date": "2023-04-03T22:54:44Z",
                            "description": "This role is used by IAMbic to perform all actions on the account. It is assumed by the Iambic hub role in the hub account. Managed via CloudFormation.",
                            "id": "IambicSpokeRole",
                            "inline_policy.#": "1",
                            "inline_policy.0.name": "base_permissions",
                            "inline_policy.0.policy": "{\"Version\":\"2012-10-17\",\"Statement\":[{\"Action\":[\"ec2:Describe*\",\"identitystore:*\",\"organizations:describe*\",\"organizations:list*\",\"iam:*\",\"sso:*\"],\"Effect\":\"Allow\",\"Resource\":[\"*\"]},{\"Action\":[\"secretsmanager:CreateSecret\",\"secretsmanager:GetSecretValue\",\"secretsmanager:describesecret\",\"secretsmanager:listsecrets\",\"secretsmanager:listsecretversionids\",\"secretsmanager:PutSecretValue\"],\"Effect\":\"Allow\",\"Resource\":[\"arn:aws:secretsmanager:*:*:secret:iambic-config-secrets-*\"]}]}",
                            "managed_policy_arns.#": "1",
                            "managed_policy_arns.0": "arn:aws:iam::aws:policy/ReadOnlyAccess",
                            "max_session_duration": "3600",
                            "name": "IambicSpokeRole",
                            "name_prefix": "",
                            "path": "/",
                            "tags.%": "0",
                            "tags_all.%": "0",
                            "unique_id": "AROAVNX3MIN6XAJCOGHYR"
                        },
                        "meta": {
                            "schema_version": 0
                        },
                        "tainted": false
                    },
                    "deposed": [],
                    "provider": "provider.aws"
                },
                "aws_iam_role.tfer--OrganizationAccountAccessRole": {
                    "type": "aws_iam_role",
                    "depends_on": [],
                    "primary": {
                        "id": "OrganizationAccountAccessRole",
                        "attributes": {
                            "arn": "arn:aws:iam::373115601789:role/OrganizationAccountAccessRole",
                            "assume_role_policy": "{\"Statement\":[{\"Action\":\"sts:AssumeRole\",\"Effect\":\"Allow\",\"Principal\":{\"AWS\":\"arn:aws:iam::659751573789:root\"}}],\"Version\":\"2012-10-17\"}",
                            "create_date": "2023-04-03T22:28:51Z",
                            "description": "",
                            "id": "OrganizationAccountAccessRole",
                            "managed_policy_arns.#": "1",
                            "managed_policy_arns.0": "arn:aws:iam::aws:policy/AdministratorAccess",
                            "max_session_duration": "3600",
                            "name": "OrganizationAccountAccessRole",
                            "name_prefix": "",
                            "path": "/",
                            "tags.%": "0",
                            "tags_all.%": "0",
                            "unique_id": "AROAVNX3MIN676T45437B"
                        },
                        "meta": {
                            "schema_version": 0
                        },
                        "tainted": false
                    },
                    "deposed": [],
                    "provider": "provider.aws"
                },
                "aws_iam_role.tfer--sample-app-role-stage": {
                    "type": "aws_iam_role",
                    "depends_on": [],
                    "primary": {
                        "id": "sample-app-role-stage",
                        "attributes": {
                            "arn": "arn:aws:iam::373115601789:role/sample-app-role-stage",
                            "assume_role_policy": "{\"Statement\":[{\"Action\":\"sts:AssumeRole\",\"Effect\":\"Allow\",\"Principal\":{\"Service\":\"ec2.amazonaws.com\"}}],\"Version\":\"2012-10-17\"}",
                            "create_date": "2023-04-03T22:47:35Z",
                            "description": "Allows EC2 instances to call AWS services on your behalf.",
                            "id": "sample-app-role-stage",
                            "managed_policy_arns.#": "0",
                            "max_session_duration": "3600",
                            "name": "sample-app-role-stage",
                            "name_prefix": "",
                            "path": "/",
                            "tags.%": "0",
                            "tags_all.%": "0",
                            "unique_id": "AROAVNX3MIN6QCKCENAZF"
                        },
                        "meta": {
                            "schema_version": 0
                        },
                        "tainted": false
                    },
                    "deposed": [],
                    "provider": "provider.aws"
                },
                "aws_iam_role.tfer--stacksets-exec-3a13bad69ee5cf8afa9722d7c9573dc1": {
                    "type": "aws_iam_role",
                    "depends_on": [],
                    "primary": {
                        "id": "stacksets-exec-3a13bad69ee5cf8afa9722d7c9573dc1",
                        "attributes": {
                            "arn": "arn:aws:iam::373115601789:role/stacksets-exec-3a13bad69ee5cf8afa9722d7c9573dc1",
                            "assume_role_policy": "{\"Id\":\"stacksets-exec-3a13bad69ee5cf8afa9722d7c9573dc1-assume-role-policy\",\"Statement\":[{\"Action\":\"sts:AssumeRole\",\"Effect\":\"Allow\",\"Principal\":{\"AWS\":\"arn:aws:iam::659751573789:role/aws-service-role/stacksets.cloudformation.amazonaws.com/AWSServiceRoleForCloudFormationStackSetsOrgAdmin\"},\"Sid\":\"1\"}],\"Version\":\"2012-10-17\"}",
                            "create_date": "2023-04-03T22:54:27Z",
                            "description": "Role created by AWSCloudFormation StackSets",
                            "id": "stacksets-exec-3a13bad69ee5cf8afa9722d7c9573dc1",
                            "managed_policy_arns.#": "1",
                            "managed_policy_arns.0": "arn:aws:iam::aws:policy/AdministratorAccess",
                            "max_session_duration": "3600",
                            "name": "stacksets-exec-3a13bad69ee5cf8afa9722d7c9573dc1",
                            "name_prefix": "stacksets-exec-3a13ba",
                            "path": "/",
                            "tags.%": "0",
                            "tags_all.%": "0",
                            "unique_id": "AROAVNX3MIN642AF3VL6Z"
                        },
                        "meta": {
                            "schema_version": 0
                        },
                        "tainted": false
                    },
                    "deposed": [],
                    "provider": "provider.aws"
                },
                "aws_iam_role_policy.tfer--IambicSpokeRole_base_permissions": {
                    "type": "aws_iam_role_policy",
                    "depends_on": [],
                    "primary": {
                        "id": "IambicSpokeRole:base_permissions",
                        "attributes": {
                            "id": "IambicSpokeRole:base_permissions",
                            "name": "base_permissions",
                            "policy": "{\"Version\":\"2012-10-17\",\"Statement\":[{\"Action\":[\"ec2:Describe*\",\"identitystore:*\",\"organizations:describe*\",\"organizations:list*\",\"iam:*\",\"sso:*\"],\"Effect\":\"Allow\",\"Resource\":[\"*\"]},{\"Action\":[\"secretsmanager:CreateSecret\",\"secretsmanager:GetSecretValue\",\"secretsmanager:describesecret\",\"secretsmanager:listsecrets\",\"secretsmanager:listsecretversionids\",\"secretsmanager:PutSecretValue\"],\"Effect\":\"Allow\",\"Resource\":[\"arn:aws:secretsmanager:*:*:secret:iambic-config-secrets-*\"]}]}",
                            "role": "IambicSpokeRole"
                        },
                        "meta": {
                            "schema_version": 0
                        },
                        "tainted": false
                    },
                    "deposed": [],
                    "provider": "provider.aws"
                },
                "aws_iam_role_policy_attachment.tfer--AWSReservedSSO_AdministratorAccess_ebe7cc3131876224_AdministratorAccess": {
                    "type": "aws_iam_role_policy_attachment",
                    "depends_on": [],
                    "primary": {
                        "id": "AWSReservedSSO_AdministratorAccess_ebe7cc3131876224/arn:aws:iam::aws:policy/AdministratorAccess",
                        "attributes": {
                            "id": "AWSReservedSSO_AdministratorAccess_ebe7cc3131876224/arn:aws:iam::aws:policy/AdministratorAccess",
                            "policy_arn": "arn:aws:iam::aws:policy/AdministratorAccess",
                            "role": "AWSReservedSSO_AdministratorAccess_ebe7cc3131876224"
                        },
                        "meta": {
                            "schema_version": 0
                        },
                        "tainted": false
                    },
                    "deposed": [],
                    "provider": "provider.aws"
                },
                "aws_iam_role_policy_attachment.tfer--AWSServiceRoleForCloudFormationStackSetsOrgMember_CloudFormationStackSetsOrgMemberServiceRolePolicy": {
                    "type": "aws_iam_role_policy_attachment",
                    "depends_on": [],
                    "primary": {
                        "id": "AWSServiceRoleForCloudFormationStackSetsOrgMember/arn:aws:iam::aws:policy/aws-service-role/CloudFormationStackSetsOrgMemberServiceRolePolicy",
                        "attributes": {
                            "id": "AWSServiceRoleForCloudFormationStackSetsOrgMember/arn:aws:iam::aws:policy/aws-service-role/CloudFormationStackSetsOrgMemberServiceRolePolicy",
                            "policy_arn": "arn:aws:iam::aws:policy/aws-service-role/CloudFormationStackSetsOrgMemberServiceRolePolicy",
                            "role": "AWSServiceRoleForCloudFormationStackSetsOrgMember"
                        },
                        "meta": {
                            "schema_version": 0
                        },
                        "tainted": false
                    },
                    "deposed": [],
                    "provider": "provider.aws"
                },
                "aws_iam_role_policy_attachment.tfer--AWSServiceRoleForOrganizations_AWSOrganizationsServiceTrustPolicy": {
                    "type": "aws_iam_role_policy_attachment",
                    "depends_on": [],
                    "primary": {
                        "id": "AWSServiceRoleForOrganizations/arn:aws:iam::aws:policy/aws-service-role/AWSOrganizationsServiceTrustPolicy",
                        "attributes": {
                            "id": "AWSServiceRoleForOrganizations/arn:aws:iam::aws:policy/aws-service-role/AWSOrganizationsServiceTrustPolicy",
                            "policy_arn": "arn:aws:iam::aws:policy/aws-service-role/AWSOrganizationsServiceTrustPolicy",
                            "role": "AWSServiceRoleForOrganizations"
                        },
                        "meta": {
                            "schema_version": 0
                        },
                        "tainted": false
                    },
                    "deposed": [],
                    "provider": "provider.aws"
                },
                "aws_iam_role_policy_attachment.tfer--AWSServiceRoleForSSO_AWSSSOServiceRolePolicy": {
                    "type": "aws_iam_role_policy_attachment",
                    "depends_on": [],
                    "primary": {
                        "id": "AWSServiceRoleForSSO/arn:aws:iam::aws:policy/aws-service-role/AWSSSOServiceRolePolicy",
                        "attributes": {
                            "id": "AWSServiceRoleForSSO/arn:aws:iam::aws:policy/aws-service-role/AWSSSOServiceRolePolicy",
                            "policy_arn": "arn:aws:iam::aws:policy/aws-service-role/AWSSSOServiceRolePolicy",
                            "role": "AWSServiceRoleForSSO"
                        },
                        "meta": {
                            "schema_version": 0
                        },
                        "tainted": false
                    },
                    "deposed": [],
                    "provider": "provider.aws"
                },
                "aws_iam_role_policy_attachment.tfer--AWSServiceRoleForSupport_AWSSupportServiceRolePolicy": {
                    "type": "aws_iam_role_policy_attachment",
                    "depends_on": [],
                    "primary": {
                        "id": "AWSServiceRoleForSupport/arn:aws:iam::aws:policy/aws-service-role/AWSSupportServiceRolePolicy",
                        "attributes": {
                            "id": "AWSServiceRoleForSupport/arn:aws:iam::aws:policy/aws-service-role/AWSSupportServiceRolePolicy",
                            "policy_arn": "arn:aws:iam::aws:policy/aws-service-role/AWSSupportServiceRolePolicy",
                            "role": "AWSServiceRoleForSupport"
                        },
                        "meta": {
                            "schema_version": 0
                        },
                        "tainted": false
                    },
                    "deposed": [],
                    "provider": "provider.aws"
                },
                "aws_iam_role_policy_attachment.tfer--AWSServiceRoleForTrustedAdvisor_AWSTrustedAdvisorServiceRolePolicy": {
                    "type": "aws_iam_role_policy_attachment",
                    "depends_on": [],
                    "primary": {
                        "id": "AWSServiceRoleForTrustedAdvisor/arn:aws:iam::aws:policy/aws-service-role/AWSTrustedAdvisorServiceRolePolicy",
                        "attributes": {
                            "id": "AWSServiceRoleForTrustedAdvisor/arn:aws:iam::aws:policy/aws-service-role/AWSTrustedAdvisorServiceRolePolicy",
                            "policy_arn": "arn:aws:iam::aws:policy/aws-service-role/AWSTrustedAdvisorServiceRolePolicy",
                            "role": "AWSServiceRoleForTrustedAdvisor"
                        },
                        "meta": {
                            "schema_version": 0
                        },
                        "tainted": false
                    },
                    "deposed": [],
                    "provider": "provider.aws"
                },
                "aws_iam_role_policy_attachment.tfer--IambicSpokeRole_ReadOnlyAccess": {
                    "type": "aws_iam_role_policy_attachment",
                    "depends_on": [],
                    "primary": {
                        "id": "IambicSpokeRole/arn:aws:iam::aws:policy/ReadOnlyAccess",
                        "attributes": {
                            "id": "IambicSpokeRole/arn:aws:iam::aws:policy/ReadOnlyAccess",
                            "policy_arn": "arn:aws:iam::aws:policy/ReadOnlyAccess",
                            "role": "IambicSpokeRole"
                        },
                        "meta": {
                            "schema_version": 0
                        },
                        "tainted": false
                    },
                    "deposed": [],
                    "provider": "provider.aws"
                },
                "aws_iam_role_policy_attachment.tfer--OrganizationAccountAccessRole_AdministratorAccess": {
                    "type": "aws_iam_role_policy_attachment",
                    "depends_on": [],
                    "primary": {
                        "id": "OrganizationAccountAccessRole/arn:aws:iam::aws:policy/AdministratorAccess",
                        "attributes": {
                            "id": "OrganizationAccountAccessRole/arn:aws:iam::aws:policy/AdministratorAccess",
                            "policy_arn": "arn:aws:iam::aws:policy/AdministratorAccess",
                            "role": "OrganizationAccountAccessRole"
                        },
                        "meta": {
                            "schema_version": 0
                        },
                        "tainted": false
                    },
                    "deposed": [],
                    "provider": "provider.aws"
                },
                "aws_iam_role_policy_attachment.tfer--stacksets-exec-3a13bad69ee5cf8afa9722d7c9573dc1_AdministratorAccess": {
                    "type": "aws_iam_role_policy_attachment",
                    "depends_on": [],
                    "primary": {
                        "id": "stacksets-exec-3a13bad69ee5cf8afa9722d7c9573dc1/arn:aws:iam::aws:policy/AdministratorAccess",
                        "attributes": {
                            "id": "stacksets-exec-3a13bad69ee5cf8afa9722d7c9573dc1/arn:aws:iam::aws:policy/AdministratorAccess",
                            "policy_arn": "arn:aws:iam::aws:policy/AdministratorAccess",
                            "role": "stacksets-exec-3a13bad69ee5cf8afa9722d7c9573dc1"
                        },
                        "meta": {
                            "schema_version": 0
                        },
                        "tainted": false
                    },
                    "deposed": [],
                    "provider": "provider.aws"
                },
                "aws_iam_user.tfer--AIDAVNX3MIN6T52HFPL25": {
                    "type": "aws_iam_user",
                    "depends_on": [],
                    "primary": {
                        "id": "bob",
                        "attributes": {
                            "arn": "arn:aws:iam::373115601789:user/bob",
                            "force_destroy": "false",
                            "id": "bob",
                            "name": "bob",
                            "path": "/",
                            "tags.%": "0",
                            "tags_all.%": "0",
                            "unique_id": "AIDAVNX3MIN6T52HFPL25"
                        },
                        "meta": {
                            "schema_version": 0
                        },
                        "tainted": false
                    },
                    "deposed": [],
                    "provider": "provider.aws"
                },
                "aws_iam_user.tfer--AIDAVNX3MIN6TCTTGUPTU": {
                    "type": "aws_iam_user",
                    "depends_on": [],
                    "primary": {
                        "id": "charlie",
                        "attributes": {
                            "arn": "arn:aws:iam::373115601789:user/charlie",
                            "force_destroy": "false",
                            "id": "charlie",
                            "name": "charlie",
                            "path": "/",
                            "tags.%": "0",
                            "tags_all.%": "0",
                            "unique_id": "AIDAVNX3MIN6TCTTGUPTU"
                        },
                        "meta": {
                            "schema_version": 0
                        },
                        "tainted": false
                    },
                    "deposed": [],
                    "provider": "provider.aws"
                },
                "aws_iam_user.tfer--AIDAVNX3MIN6VZZHALAAZ": {
                    "type": "aws_iam_user",
                    "depends_on": [],
                    "primary": {
                        "id": "alice",
                        "attributes": {
                            "arn": "arn:aws:iam::373115601789:user/alice",
                            "force_destroy": "false",
                            "id": "alice",
                            "name": "alice",
                            "path": "/",
                            "tags.%": "0",
                            "tags_all.%": "0",
                            "unique_id": "AIDAVNX3MIN6VZZHALAAZ"
                        },
                        "meta": {
                            "schema_version": 0
                        },
                        "tainted": false
                    },
                    "deposed": [],
                    "provider": "provider.aws"
                }
            },
            "depends_on": []
        }
    ]
}
